
Microsoft Visual Studio Solution File, Format Version 12.00
# Visual Studio Version 16
VisualStudioVersion = 16.0.30104.148
MinimumVisualStudioVersion = 10.0.40219.1
Project("{9A19103F-16F7-4668-BE54-9A1E7A4F7556}") = "Air.Mapper", "Air.Mapper\Air.Mapper.csproj", "{89AE1CF9-97BB-4DD6-8FBD-B14B4D0E3014}"
EndProject
Project("{9A19103F-16F7-4668-BE54-9A1E7A4F7556}") = "Benchmarks", "Benchmarks\Benchmarks.csproj", "{1A61DCE0-0BB3-4270-A409-9A698B8A2044}"
EndProject
Project("{2150E333-8FDC-42A3-9474-1A3956D46DE8}") = "Tests", "Tests", "{205E737D-0ACE-4BE4-8F14-4BDC37DC59F0}"
EndProject
Project("{9A19103F-16F7-4668-BE54-9A1E7A4F7556}") = "Builder", "Tests\Builder\Builder.csproj", "{2D408058-29E7-4592-8FF6-F0838AFBAF0E}"
EndProject
Project("{9A19103F-16F7-4668-BE54-9A1E7A4F7556}") = "Models", "Tests\Models\Models.csproj", "{837E6846-6A61-4FB4-87CB-BFBE8517D90D}"
EndProject
Project("{9A19103F-16F7-4668-BE54-9A1E7A4F7556}") = "Playground", "Tests\Playground\Playground.csproj", "{FD578513-9F99-48F1-9ABF-7D397F7FB389}"
EndProject
Project("{2150E333-8FDC-42A3-9474-1A3956D46DE8}") = "N0", "N0", "{3FE81CE3-710E-479D-958A-9FCC0A490E37}"
EndProject
Project("{2150E333-8FDC-42A3-9474-1A3956D46DE8}") = "N1", "N1", "{06EC94E8-F5E4-4BC2-B943-9EBD038F672C}"
EndProject
Project("{2150E333-8FDC-42A3-9474-1A3956D46DE8}") = "N2", "N2", "{9DE385A0-8F2D-4E53-AE7E-64305B5C756D}"
EndProject
Project("{9A19103F-16F7-4668-BE54-9A1E7A4F7556}") = "C0", "Tests\N0\C0\C0.csproj", "{D76822A0-12C5-42DC-A859-FF54CA45A7CC}"
EndProject
Project("{9A19103F-16F7-4668-BE54-9A1E7A4F7556}") = "S0", "Tests\N0\S0\S0.csproj", "{0BB58B7E-249D-4D54-91CD-963921346D9A}"
EndProject
Project("{9A19103F-16F7-4668-BE54-9A1E7A4F7556}") = "NS0", "Tests\N0\NS0\NS0.csproj", "{95F2A938-F423-4CFB-9D6D-F3D5D7A49C7C}"
EndProject
Project("{9A19103F-16F7-4668-BE54-9A1E7A4F7556}") = "C1C0", "Tests\N1\C1C0\C1C0.csproj", "{3BA80F8C-95E6-432D-AE2C-3CAC84A28709}"
EndProject
Project("{9A19103F-16F7-4668-BE54-9A1E7A4F7556}") = "C1S0", "Tests\N1\C1S0\C1S0.csproj", "{07F6B66E-9981-4506-A1C7-1C968A467F30}"
EndProject
Project("{9A19103F-16F7-4668-BE54-9A1E7A4F7556}") = "C1NS0", "Tests\N1\C1NS0\C1NS0.csproj", "{4091994D-9C3D-4558-9CDF-88EF5B9867EF}"
EndProject
Project("{9A19103F-16F7-4668-BE54-9A1E7A4F7556}") = "S1C0", "Tests\N1\S1C0\S1C0.csproj", "{1B91C052-158F-40BE-ACE7-B9E9BFEFD9B6}"
EndProject
Project("{9A19103F-16F7-4668-BE54-9A1E7A4F7556}") = "NS1C0", "Tests\N1\NS1C0\NS1C0.csproj", "{D1125C9C-A041-4743-AA6E-2BEE34FFFE5B}"
EndProject
Project("{9A19103F-16F7-4668-BE54-9A1E7A4F7556}") = "S1S0", "Tests\N1\S1S0\S1S0.csproj", "{878C8A6B-C94C-40D7-A22A-90522C00FE78}"
EndProject
Project("{9A19103F-16F7-4668-BE54-9A1E7A4F7556}") = "NS1S0", "Tests\N1\NS1S0\NS1S0.csproj", "{78D03B10-7C3C-4E36-A457-A47C4A4AC64E}"
EndProject
Project("{9A19103F-16F7-4668-BE54-9A1E7A4F7556}") = "S1NS0", "Tests\N1\S1NS0\S1NS0.csproj", "{AE61C83F-2911-49FD-B10F-0C4068CA7D53}"
EndProject
Project("{9A19103F-16F7-4668-BE54-9A1E7A4F7556}") = "NS1NS0", "Tests\N1\NS1NS0\NS1NS0.csproj", "{C00BB2BA-ED67-4E3C-9242-D75C9BFAB271}"
EndProject
Project("{9A19103F-16F7-4668-BE54-9A1E7A4F7556}") = "C1SC0", "Tests\N1\C1SC0\C1SC0.csproj", "{EA533647-A3D7-4364-8DC3-E383DF02CD10}"
EndProject
Project("{9A19103F-16F7-4668-BE54-9A1E7A4F7556}") = "C1SS0", "Tests\N1\C1SS0\C1SS0.csproj", "{D92F7A04-55BA-477C-95F4-CE860FCC2077}"
EndProject
Project("{9A19103F-16F7-4668-BE54-9A1E7A4F7556}") = "C1SNS0", "Tests\N1\C1SNS0\C1SNS0.csproj", "{1EF3E820-05A1-42C9-9D07-F03BDC07305A}"
EndProject
Project("{9A19103F-16F7-4668-BE54-9A1E7A4F7556}") = "S1SC0", "Tests\N1\S1SC0\S1SC0.csproj", "{C9F181A0-DD06-4FA0-BA0F-81D9DA50062A}"
EndProject
Project("{9A19103F-16F7-4668-BE54-9A1E7A4F7556}") = "NS1SC0", "Tests\N1\NS1SC0\NS1SC0.csproj", "{92E5A1FB-A01C-47DD-B3C8-85B180133421}"
EndProject
Project("{9A19103F-16F7-4668-BE54-9A1E7A4F7556}") = "S1SS0", "Tests\N1\S1SS0\S1SS0.csproj", "{24EE399A-E632-4315-80E0-F5E8F893F8A1}"
EndProject
Project("{9A19103F-16F7-4668-BE54-9A1E7A4F7556}") = "NS1SS0", "Tests\N1\NS1SS0\NS1SS0.csproj", "{8A086352-460D-4240-AE06-627F08D65290}"
EndProject
Project("{9A19103F-16F7-4668-BE54-9A1E7A4F7556}") = "S1SNS0", "Tests\N1\S1SNS0\S1SNS0.csproj", "{1E99300D-69EB-4284-9040-764ABD23C6AD}"
EndProject
Project("{9A19103F-16F7-4668-BE54-9A1E7A4F7556}") = "NS1SNS0", "Tests\N1\NS1SNS0\NS1SNS0.csproj", "{807DB535-E92C-4627-8DE2-9942D6C49474}"
EndProject
Project("{9A19103F-16F7-4668-BE54-9A1E7A4F7556}") = "C2C1C0", "Tests\N2\C2C1C0\C2C1C0.csproj", "{C98C9ACE-02FA-4798-9D91-66A196CF02F9}"
EndProject
Project("{9A19103F-16F7-4668-BE54-9A1E7A4F7556}") = "C2C1S0", "Tests\N2\C2C1S0\C2C1S0.csproj", "{4519F993-50E8-42BB-A735-B92E4B627D6C}"
EndProject
Project("{9A19103F-16F7-4668-BE54-9A1E7A4F7556}") = "C2C1NS0", "Tests\N2\C2C1NS0\C2C1NS0.csproj", "{325BDBF8-2E37-49D6-BE32-AD6C52B939A0}"
EndProject
Project("{9A19103F-16F7-4668-BE54-9A1E7A4F7556}") = "C2C1SC0", "Tests\N2\C2C1SC0\C2C1SC0.csproj", "{4F73873A-C246-44E8-864D-E77AC6539F0D}"
EndProject
Project("{9A19103F-16F7-4668-BE54-9A1E7A4F7556}") = "C2C1SS0", "Tests\N2\C2C1SS0\C2C1SS0.csproj", "{E633037E-20AE-4435-BA15-42D6701B55F0}"
EndProject
Project("{9A19103F-16F7-4668-BE54-9A1E7A4F7556}") = "C2C1SNS0", "Tests\N2\C2C1SNS0\C2C1SNS0.csproj", "{C4500E86-A466-4C14-B99C-837619D83716}"
EndProject
Project("{9A19103F-16F7-4668-BE54-9A1E7A4F7556}") = "C2S1C0", "Tests\N2\C2S1C0\C2S1C0.csproj", "{19082B74-B742-4C0B-9660-9BF4D20EA6D8}"
EndProject
Project("{9A19103F-16F7-4668-BE54-9A1E7A4F7556}") = "C2S1S0", "Tests\N2\C2S1S0\C2S1S0.csproj", "{FD338E07-7B0E-448B-A808-BA42BCF2EBB9}"
EndProject
Project("{9A19103F-16F7-4668-BE54-9A1E7A4F7556}") = "C2S1NS0", "Tests\N2\C2S1NS0\C2S1NS0.csproj", "{59003CEE-3AE7-486B-B6AA-AC6E48C12805}"
EndProject
Project("{9A19103F-16F7-4668-BE54-9A1E7A4F7556}") = "C2S1SC0", "Tests\N2\C2S1SC0\C2S1SC0.csproj", "{E99F5FA7-C11C-4D90-9525-31CCADD30763}"
EndProject
Project("{9A19103F-16F7-4668-BE54-9A1E7A4F7556}") = "C2S1SS0", "Tests\N2\C2S1SS0\C2S1SS0.csproj", "{FDA30BD4-4419-475B-88D4-BB26B1B85D50}"
EndProject
Project("{9A19103F-16F7-4668-BE54-9A1E7A4F7556}") = "C2S1SNS0", "Tests\N2\C2S1SNS0\C2S1SNS0.csproj", "{0537E28E-FA3E-451F-ACCD-B94E888A2516}"
EndProject
Project("{9A19103F-16F7-4668-BE54-9A1E7A4F7556}") = "C2NS1C0", "Tests\N2\C2NS1C0\C2NS1C0.csproj", "{5F253A9D-DFCB-4679-8E27-2C586B14133F}"
EndProject
Project("{9A19103F-16F7-4668-BE54-9A1E7A4F7556}") = "C2NS1S0", "Tests\N2\C2NS1S0\C2NS1S0.csproj", "{2D94AC48-AEA1-4A26-A98F-FEC15C646BC6}"
EndProject
Project("{9A19103F-16F7-4668-BE54-9A1E7A4F7556}") = "C2NS1NS0", "Tests\N2\C2NS1NS0\C2NS1NS0.csproj", "{BE1DDBE2-ECF5-491B-BC1A-1BDCAD70D4ED}"
EndProject
Project("{9A19103F-16F7-4668-BE54-9A1E7A4F7556}") = "C2NS1SC0", "Tests\N2\C2NS1SC0\C2NS1SC0.csproj", "{DB1FB44A-C2D5-40CA-AFF2-3C445C6F4DB8}"
EndProject
Project("{9A19103F-16F7-4668-BE54-9A1E7A4F7556}") = "C2NS1SS0", "Tests\N2\C2NS1SS0\C2NS1SS0.csproj", "{C02A2703-D195-41E7-A19E-6D71058D680C}"
EndProject
Project("{9A19103F-16F7-4668-BE54-9A1E7A4F7556}") = "C2NS1SNS0", "Tests\N2\C2NS1SNS0\C2NS1SNS0.csproj", "{E6494C3A-6972-4C43-87E2-0CD9F16197FB}"
EndProject
Project("{9A19103F-16F7-4668-BE54-9A1E7A4F7556}") = "S2C1C0", "Tests\N2\S2C1C0\S2C1C0.csproj", "{A7C883B2-F50F-403D-97FE-0AD5EE5A095E}"
EndProject
Project("{9A19103F-16F7-4668-BE54-9A1E7A4F7556}") = "NS2C1C0", "Tests\N2\NS2C1C0\NS2C1C0.csproj", "{41A9AA93-6AE8-40E3-B4B7-90BF92C05D7E}"
EndProject
Project("{9A19103F-16F7-4668-BE54-9A1E7A4F7556}") = "S2C1S0", "Tests\N2\S2C1S0\S2C1S0.csproj", "{420D976D-51AC-4ED9-AE10-D09701A504C9}"
EndProject
Project("{9A19103F-16F7-4668-BE54-9A1E7A4F7556}") = "NS2C1S0", "Tests\N2\NS2C1S0\NS2C1S0.csproj", "{83986447-6162-431E-AEEA-B67DFA97D224}"
EndProject
Project("{9A19103F-16F7-4668-BE54-9A1E7A4F7556}") = "S2C1NS0", "Tests\N2\S2C1NS0\S2C1NS0.csproj", "{0F9C784D-8AD6-4315-BCD4-A59AF911038C}"
EndProject
Project("{9A19103F-16F7-4668-BE54-9A1E7A4F7556}") = "NS2C1NS0", "Tests\N2\NS2C1NS0\NS2C1NS0.csproj", "{F269DEB0-985B-43D3-9113-2E21A0F4C64B}"
EndProject
Project("{9A19103F-16F7-4668-BE54-9A1E7A4F7556}") = "S2C1SC0", "Tests\N2\S2C1SC0\S2C1SC0.csproj", "{AF8C5EB0-BA78-4191-81D6-8D40F28335D5}"
EndProject
Project("{9A19103F-16F7-4668-BE54-9A1E7A4F7556}") = "NS2C1SC0", "Tests\N2\NS2C1SC0\NS2C1SC0.csproj", "{50F05500-6A24-4107-B918-E13BB7ED39D6}"
EndProject
Project("{9A19103F-16F7-4668-BE54-9A1E7A4F7556}") = "S2C1SS0", "Tests\N2\S2C1SS0\S2C1SS0.csproj", "{EB42AE7D-97D5-411E-87D2-F04079AA52D8}"
EndProject
Project("{9A19103F-16F7-4668-BE54-9A1E7A4F7556}") = "NS2C1SS0", "Tests\N2\NS2C1SS0\NS2C1SS0.csproj", "{1BFF2F38-78CB-4C7A-890C-574DDC258AF1}"
EndProject
Project("{9A19103F-16F7-4668-BE54-9A1E7A4F7556}") = "S2C1SNS0", "Tests\N2\S2C1SNS0\S2C1SNS0.csproj", "{8E6071B1-7816-4503-AC11-B59F8BE53463}"
EndProject
Project("{9A19103F-16F7-4668-BE54-9A1E7A4F7556}") = "NS2C1SNS0", "Tests\N2\NS2C1SNS0\NS2C1SNS0.csproj", "{E388A061-D40B-437E-993E-38D8E2E9C939}"
EndProject
Project("{9A19103F-16F7-4668-BE54-9A1E7A4F7556}") = "S2S1C0", "Tests\N2\S2S1C0\S2S1C0.csproj", "{EC9E150F-175F-4EFC-83F8-27438AC04615}"
EndProject
Project("{9A19103F-16F7-4668-BE54-9A1E7A4F7556}") = "NS2S1C0", "Tests\N2\NS2S1C0\NS2S1C0.csproj", "{103F317E-7D6F-469C-A5DA-D75E351A2825}"
EndProject
Project("{9A19103F-16F7-4668-BE54-9A1E7A4F7556}") = "S2S1S0", "Tests\N2\S2S1S0\S2S1S0.csproj", "{82D716EF-C59A-4F03-85D6-758DE54DB5C8}"
EndProject
Project("{9A19103F-16F7-4668-BE54-9A1E7A4F7556}") = "NS2S1S0", "Tests\N2\NS2S1S0\NS2S1S0.csproj", "{BCEA5E0C-8D51-4E97-AFEB-F085E16E1214}"
EndProject
Project("{9A19103F-16F7-4668-BE54-9A1E7A4F7556}") = "S2S1NS0", "Tests\N2\S2S1NS0\S2S1NS0.csproj", "{EC20DF26-27CD-46A3-BFE8-2869B08BFFCD}"
EndProject
Project("{9A19103F-16F7-4668-BE54-9A1E7A4F7556}") = "NS2S1NS0", "Tests\N2\NS2S1NS0\NS2S1NS0.csproj", "{CE7667D5-717A-4C8D-9E8C-459ED2AB0EC8}"
EndProject
Project("{9A19103F-16F7-4668-BE54-9A1E7A4F7556}") = "S2S1SC0", "Tests\N2\S2S1SC0\S2S1SC0.csproj", "{65248696-E6A4-401A-8011-27E353CA8E91}"
EndProject
Project("{9A19103F-16F7-4668-BE54-9A1E7A4F7556}") = "NS2S1SC0", "Tests\N2\NS2S1SC0\NS2S1SC0.csproj", "{A0FAD67E-4D22-4B97-A7CC-85789D11D88D}"
EndProject
Project("{9A19103F-16F7-4668-BE54-9A1E7A4F7556}") = "S2S1SS0", "Tests\N2\S2S1SS0\S2S1SS0.csproj", "{B66F7525-B032-4B25-B3E8-3BAD232DF762}"
EndProject
Project("{9A19103F-16F7-4668-BE54-9A1E7A4F7556}") = "NS2S1SS0", "Tests\N2\NS2S1SS0\NS2S1SS0.csproj", "{417A4E24-31A9-4BE9-B33A-963C6A610326}"
EndProject
Project("{9A19103F-16F7-4668-BE54-9A1E7A4F7556}") = "S2S1SNS0", "Tests\N2\S2S1SNS0\S2S1SNS0.csproj", "{42BA759E-FC7C-4E8E-9269-83CC604FEE28}"
EndProject
Project("{9A19103F-16F7-4668-BE54-9A1E7A4F7556}") = "NS2S1SNS0", "Tests\N2\NS2S1SNS0\NS2S1SNS0.csproj", "{DFEDD388-C835-4C49-9720-C4A48EF765A1}"
EndProject
Project("{9A19103F-16F7-4668-BE54-9A1E7A4F7556}") = "S2NS1C0", "Tests\N2\S2NS1C0\S2NS1C0.csproj", "{C7409C6E-5736-4419-9810-FF4AE622305A}"
EndProject
Project("{9A19103F-16F7-4668-BE54-9A1E7A4F7556}") = "NS2NS1C0", "Tests\N2\NS2NS1C0\NS2NS1C0.csproj", "{3F2094FD-EAA1-4F98-86D1-82EC45096CEB}"
EndProject
Project("{9A19103F-16F7-4668-BE54-9A1E7A4F7556}") = "S2NS1S0", "Tests\N2\S2NS1S0\S2NS1S0.csproj", "{203FFF3E-9BD5-4924-BFD3-4A14CD639122}"
EndProject
Project("{9A19103F-16F7-4668-BE54-9A1E7A4F7556}") = "NS2NS1S0", "Tests\N2\NS2NS1S0\NS2NS1S0.csproj", "{81BF9642-6047-4109-997D-94E2293CBE56}"
EndProject
Project("{9A19103F-16F7-4668-BE54-9A1E7A4F7556}") = "S2NS1NS0", "Tests\N2\S2NS1NS0\S2NS1NS0.csproj", "{FBDF06D4-8CEC-47C5-A24B-D6530A59C5F4}"
EndProject
Project("{9A19103F-16F7-4668-BE54-9A1E7A4F7556}") = "NS2NS1NS0", "Tests\N2\NS2NS1NS0\NS2NS1NS0.csproj", "{06AF2D3D-032A-4564-B06F-E313F8134CD3}"
EndProject
Project("{9A19103F-16F7-4668-BE54-9A1E7A4F7556}") = "S2NS1SC0", "Tests\N2\S2NS1SC0\S2NS1SC0.csproj", "{5E8FD87D-019D-4AE6-BB38-9D96E6BE9011}"
EndProject
Project("{9A19103F-16F7-4668-BE54-9A1E7A4F7556}") = "NS2NS1SC0", "Tests\N2\NS2NS1SC0\NS2NS1SC0.csproj", "{EAADB5E8-CA7F-454A-A3B2-13D08234F954}"
EndProject
Project("{9A19103F-16F7-4668-BE54-9A1E7A4F7556}") = "S2NS1SS0", "Tests\N2\S2NS1SS0\S2NS1SS0.csproj", "{7B4CCFD2-38DD-4533-BAF4-EDA29CAEA7D5}"
EndProject
Project("{9A19103F-16F7-4668-BE54-9A1E7A4F7556}") = "NS2NS1SS0", "Tests\N2\NS2NS1SS0\NS2NS1SS0.csproj", "{AA3B7617-DA34-482D-89C2-7BA3C99FE755}"
EndProject
Project("{9A19103F-16F7-4668-BE54-9A1E7A4F7556}") = "S2NS1SNS0", "Tests\N2\S2NS1SNS0\S2NS1SNS0.csproj", "{E1367CBE-7B0A-4495-BD86-49230447024C}"
EndProject
Project("{9A19103F-16F7-4668-BE54-9A1E7A4F7556}") = "NS2NS1SNS0", "Tests\N2\NS2NS1SNS0\NS2NS1SNS0.csproj", "{819FDBF0-82B3-451C-B813-700A65075DF5}"
EndProject
Project("{9A19103F-16F7-4668-BE54-9A1E7A4F7556}") = "C2SC1C0", "Tests\N2\C2SC1C0\C2SC1C0.csproj", "{02383AC0-75DE-46CB-B821-13299410861D}"
EndProject
Project("{9A19103F-16F7-4668-BE54-9A1E7A4F7556}") = "C2SC1S0", "Tests\N2\C2SC1S0\C2SC1S0.csproj", "{C9C6356F-37EF-42B5-9E1B-CF4FCDE4ED77}"
EndProject
Project("{9A19103F-16F7-4668-BE54-9A1E7A4F7556}") = "C2SC1NS0", "Tests\N2\C2SC1NS0\C2SC1NS0.csproj", "{345904CB-3617-4AA2-8335-F16FBD300013}"
EndProject
Project("{9A19103F-16F7-4668-BE54-9A1E7A4F7556}") = "C2SC1SC0", "Tests\N2\C2SC1SC0\C2SC1SC0.csproj", "{A4CFAD36-89FA-4D99-BBCD-4C08AB36DD47}"
EndProject
Project("{9A19103F-16F7-4668-BE54-9A1E7A4F7556}") = "C2SC1SS0", "Tests\N2\C2SC1SS0\C2SC1SS0.csproj", "{4285E4FC-F40D-4687-B515-79D67045F300}"
EndProject
Project("{9A19103F-16F7-4668-BE54-9A1E7A4F7556}") = "C2SC1SNS0", "Tests\N2\C2SC1SNS0\C2SC1SNS0.csproj", "{C8C0F8EF-3125-4B3F-AB23-FA07F03A0128}"
EndProject
Project("{9A19103F-16F7-4668-BE54-9A1E7A4F7556}") = "C2SS1C0", "Tests\N2\C2SS1C0\C2SS1C0.csproj", "{C0CB6A77-F778-47A7-B6D3-E8562776247F}"
EndProject
Project("{9A19103F-16F7-4668-BE54-9A1E7A4F7556}") = "C2SS1S0", "Tests\N2\C2SS1S0\C2SS1S0.csproj", "{BE30A193-6ECF-4DEB-8DC1-07AB0BD73B3D}"
EndProject
Project("{9A19103F-16F7-4668-BE54-9A1E7A4F7556}") = "C2SS1NS0", "Tests\N2\C2SS1NS0\C2SS1NS0.csproj", "{64BFA4F5-9FD4-4481-92DE-40186418780A}"
EndProject
Project("{9A19103F-16F7-4668-BE54-9A1E7A4F7556}") = "C2SS1SC0", "Tests\N2\C2SS1SC0\C2SS1SC0.csproj", "{9C843A3C-8C2C-460E-9EF9-D968A544B9C9}"
EndProject
Project("{9A19103F-16F7-4668-BE54-9A1E7A4F7556}") = "C2SS1SS0", "Tests\N2\C2SS1SS0\C2SS1SS0.csproj", "{BD35F9BC-AC5C-49DC-9E9F-D04A1878DECF}"
EndProject
Project("{9A19103F-16F7-4668-BE54-9A1E7A4F7556}") = "C2SS1SNS0", "Tests\N2\C2SS1SNS0\C2SS1SNS0.csproj", "{79819B34-3A3F-4EFE-B587-5FB47A011FA7}"
EndProject
Project("{9A19103F-16F7-4668-BE54-9A1E7A4F7556}") = "C2SNS1C0", "Tests\N2\C2SNS1C0\C2SNS1C0.csproj", "{FB836BE6-8B88-48C2-BF8B-1966F1D1F214}"
EndProject
Project("{9A19103F-16F7-4668-BE54-9A1E7A4F7556}") = "C2SNS1S0", "Tests\N2\C2SNS1S0\C2SNS1S0.csproj", "{F96227CA-CA71-47D9-88C0-69AD98F47D84}"
EndProject
Project("{9A19103F-16F7-4668-BE54-9A1E7A4F7556}") = "C2SNS1NS0", "Tests\N2\C2SNS1NS0\C2SNS1NS0.csproj", "{191BFDDC-D094-4C7C-9822-A1BB6108E6EC}"
EndProject
Project("{9A19103F-16F7-4668-BE54-9A1E7A4F7556}") = "C2SNS1SC0", "Tests\N2\C2SNS1SC0\C2SNS1SC0.csproj", "{4C2F41F0-7876-4D68-9C21-4193A5B58BEF}"
EndProject
Project("{9A19103F-16F7-4668-BE54-9A1E7A4F7556}") = "C2SNS1SS0", "Tests\N2\C2SNS1SS0\C2SNS1SS0.csproj", "{6F8610DE-3190-4D8F-82FC-3DE7B1CAFA6C}"
EndProject
Project("{9A19103F-16F7-4668-BE54-9A1E7A4F7556}") = "C2SNS1SNS0", "Tests\N2\C2SNS1SNS0\C2SNS1SNS0.csproj", "{A8A12132-10BC-4420-8192-493153114F98}"
EndProject
Project("{9A19103F-16F7-4668-BE54-9A1E7A4F7556}") = "S2SC1C0", "Tests\N2\S2SC1C0\S2SC1C0.csproj", "{0B1E4DEF-09AF-4A7C-BCF4-4888513F7390}"
EndProject
Project("{9A19103F-16F7-4668-BE54-9A1E7A4F7556}") = "NS2SC1C0", "Tests\N2\NS2SC1C0\NS2SC1C0.csproj", "{2052275E-572B-40D5-A664-16E146763CE4}"
EndProject
Project("{9A19103F-16F7-4668-BE54-9A1E7A4F7556}") = "S2SC1S0", "Tests\N2\S2SC1S0\S2SC1S0.csproj", "{2C3EB860-9051-40B6-AF39-D33E3917EA4A}"
EndProject
Project("{9A19103F-16F7-4668-BE54-9A1E7A4F7556}") = "NS2SC1S0", "Tests\N2\NS2SC1S0\NS2SC1S0.csproj", "{510411E9-9F01-4F53-87A5-85400472AE27}"
EndProject
Project("{9A19103F-16F7-4668-BE54-9A1E7A4F7556}") = "S2SC1NS0", "Tests\N2\S2SC1NS0\S2SC1NS0.csproj", "{5C836950-1C1E-48E5-B873-AE4DE20BEB92}"
EndProject
Project("{9A19103F-16F7-4668-BE54-9A1E7A4F7556}") = "NS2SC1NS0", "Tests\N2\NS2SC1NS0\NS2SC1NS0.csproj", "{CB00A3C9-11CF-476D-9539-F5F6BFA02B5B}"
EndProject
Project("{9A19103F-16F7-4668-BE54-9A1E7A4F7556}") = "S2SC1SC0", "Tests\N2\S2SC1SC0\S2SC1SC0.csproj", "{2AF50C29-2D41-486C-9DB6-8A8ED789AF0A}"
EndProject
Project("{9A19103F-16F7-4668-BE54-9A1E7A4F7556}") = "NS2SC1SC0", "Tests\N2\NS2SC1SC0\NS2SC1SC0.csproj", "{9EE2FCA7-7A26-4046-A126-D4D57A1C91D8}"
EndProject
Project("{9A19103F-16F7-4668-BE54-9A1E7A4F7556}") = "S2SC1SS0", "Tests\N2\S2SC1SS0\S2SC1SS0.csproj", "{06025D56-F7C7-4B4A-A539-AE19C084665D}"
EndProject
Project("{9A19103F-16F7-4668-BE54-9A1E7A4F7556}") = "NS2SC1SS0", "Tests\N2\NS2SC1SS0\NS2SC1SS0.csproj", "{CCA6CD56-27F7-4ADF-BFE4-3CA4E51D312A}"
EndProject
Project("{9A19103F-16F7-4668-BE54-9A1E7A4F7556}") = "S2SC1SNS0", "Tests\N2\S2SC1SNS0\S2SC1SNS0.csproj", "{4594C105-82E5-41E9-B32F-846BE46D8208}"
EndProject
Project("{9A19103F-16F7-4668-BE54-9A1E7A4F7556}") = "NS2SC1SNS0", "Tests\N2\NS2SC1SNS0\NS2SC1SNS0.csproj", "{5B76012C-F70D-499C-B96C-ECAB69971EA8}"
EndProject
Project("{9A19103F-16F7-4668-BE54-9A1E7A4F7556}") = "S2SS1C0", "Tests\N2\S2SS1C0\S2SS1C0.csproj", "{B2E62977-7E31-46A4-89DA-20C94F5456D0}"
EndProject
Project("{9A19103F-16F7-4668-BE54-9A1E7A4F7556}") = "NS2SS1C0", "Tests\N2\NS2SS1C0\NS2SS1C0.csproj", "{4D6EE243-1BAB-4EA0-B091-18778386526B}"
EndProject
Project("{9A19103F-16F7-4668-BE54-9A1E7A4F7556}") = "S2SS1S0", "Tests\N2\S2SS1S0\S2SS1S0.csproj", "{4D35B058-1190-46F4-B975-C80E696A204B}"
EndProject
Project("{9A19103F-16F7-4668-BE54-9A1E7A4F7556}") = "NS2SS1S0", "Tests\N2\NS2SS1S0\NS2SS1S0.csproj", "{5FA1AE04-F191-4FE4-9A28-90B040A258F9}"
EndProject
Project("{9A19103F-16F7-4668-BE54-9A1E7A4F7556}") = "S2SS1NS0", "Tests\N2\S2SS1NS0\S2SS1NS0.csproj", "{BD3A4C35-1257-45A7-A40A-0001CBDC23C0}"
EndProject
Project("{9A19103F-16F7-4668-BE54-9A1E7A4F7556}") = "NS2SS1NS0", "Tests\N2\NS2SS1NS0\NS2SS1NS0.csproj", "{6EC77C1B-E4FD-4A49-A7EB-8734D325ED69}"
EndProject
Project("{9A19103F-16F7-4668-BE54-9A1E7A4F7556}") = "S2SS1SC0", "Tests\N2\S2SS1SC0\S2SS1SC0.csproj", "{9D2C58F4-50C2-4BAC-A4E0-9F8E01F3F006}"
EndProject
Project("{9A19103F-16F7-4668-BE54-9A1E7A4F7556}") = "NS2SS1SC0", "Tests\N2\NS2SS1SC0\NS2SS1SC0.csproj", "{C5C685E2-B5DE-4BE9-B2A1-00666FD38EBC}"
EndProject
Project("{9A19103F-16F7-4668-BE54-9A1E7A4F7556}") = "S2SS1SS0", "Tests\N2\S2SS1SS0\S2SS1SS0.csproj", "{A9C29476-B581-4829-9E46-9C366CD84663}"
EndProject
Project("{9A19103F-16F7-4668-BE54-9A1E7A4F7556}") = "NS2SS1SS0", "Tests\N2\NS2SS1SS0\NS2SS1SS0.csproj", "{B2B86485-144B-4205-8592-598C71FDD3B3}"
EndProject
Project("{9A19103F-16F7-4668-BE54-9A1E7A4F7556}") = "S2SS1SNS0", "Tests\N2\S2SS1SNS0\S2SS1SNS0.csproj", "{12587A74-FAC4-464A-8207-50CEE0F568D4}"
EndProject
Project("{9A19103F-16F7-4668-BE54-9A1E7A4F7556}") = "NS2SS1SNS0", "Tests\N2\NS2SS1SNS0\NS2SS1SNS0.csproj", "{CF9D34D9-1FCA-4EBD-A080-E5264D0D5CDD}"
EndProject
Project("{9A19103F-16F7-4668-BE54-9A1E7A4F7556}") = "S2SNS1C0", "Tests\N2\S2SNS1C0\S2SNS1C0.csproj", "{F39A8A38-2BAE-4F6B-89AE-E0147B6DE54D}"
EndProject
Project("{9A19103F-16F7-4668-BE54-9A1E7A4F7556}") = "NS2SNS1C0", "Tests\N2\NS2SNS1C0\NS2SNS1C0.csproj", "{6F8404B2-98EF-4167-9C25-265AD259269B}"
EndProject
Project("{9A19103F-16F7-4668-BE54-9A1E7A4F7556}") = "S2SNS1S0", "Tests\N2\S2SNS1S0\S2SNS1S0.csproj", "{453CC8D5-A2AD-4DA6-BD4F-2CBED9F8152C}"
EndProject
Project("{9A19103F-16F7-4668-BE54-9A1E7A4F7556}") = "NS2SNS1S0", "Tests\N2\NS2SNS1S0\NS2SNS1S0.csproj", "{999D629D-AFD2-4D7A-85CA-D6C04E3C4042}"
EndProject
Project("{9A19103F-16F7-4668-BE54-9A1E7A4F7556}") = "S2SNS1NS0", "Tests\N2\S2SNS1NS0\S2SNS1NS0.csproj", "{68DD0D2C-B0A2-4E35-8C79-1F1F191036F1}"
EndProject
Project("{9A19103F-16F7-4668-BE54-9A1E7A4F7556}") = "NS2SNS1NS0", "Tests\N2\NS2SNS1NS0\NS2SNS1NS0.csproj", "{C18FF361-5CA9-4964-93AF-4A882849CFB6}"
EndProject
Project("{9A19103F-16F7-4668-BE54-9A1E7A4F7556}") = "S2SNS1SC0", "Tests\N2\S2SNS1SC0\S2SNS1SC0.csproj", "{7EF17550-4DE1-4488-997F-3EB6026CDAFB}"
EndProject
Project("{9A19103F-16F7-4668-BE54-9A1E7A4F7556}") = "NS2SNS1SC0", "Tests\N2\NS2SNS1SC0\NS2SNS1SC0.csproj", "{4DB90E0E-8B9E-42D4-8DCD-04575C04F77E}"
EndProject
Project("{9A19103F-16F7-4668-BE54-9A1E7A4F7556}") = "S2SNS1SS0", "Tests\N2\S2SNS1SS0\S2SNS1SS0.csproj", "{775A9A52-3E14-4870-95BE-43C25600AE84}"
EndProject
Project("{9A19103F-16F7-4668-BE54-9A1E7A4F7556}") = "NS2SNS1SS0", "Tests\N2\NS2SNS1SS0\NS2SNS1SS0.csproj", "{571FD7C2-F140-4411-8CEE-4F3D0A389CC4}"
EndProject
Project("{9A19103F-16F7-4668-BE54-9A1E7A4F7556}") = "S2SNS1SNS0", "Tests\N2\S2SNS1SNS0\S2SNS1SNS0.csproj", "{4DE33CEE-98DA-40F4-AD0E-85B3FACD3B55}"
EndProject
Project("{9A19103F-16F7-4668-BE54-9A1E7A4F7556}") = "NS2SNS1SNS0", "Tests\N2\NS2SNS1SNS0\NS2SNS1SNS0.csproj", "{0906F313-DF44-4D94-8431-6BA716D65988}"
EndProject
Global
	GlobalSection(SolutionConfigurationPlatforms) = preSolution
		Debug|Any CPU = Debug|Any CPU
		Release|Any CPU = Release|Any CPU
	EndGlobalSection
	GlobalSection(ProjectConfigurationPlatforms) = postSolution
		{89AE1CF9-97BB-4DD6-8FBD-B14B4D0E3014}.Debug|Any CPU.ActiveCfg = Debug|Any CPU
		{89AE1CF9-97BB-4DD6-8FBD-B14B4D0E3014}.Debug|Any CPU.Build.0 = Debug|Any CPU
		{89AE1CF9-97BB-4DD6-8FBD-B14B4D0E3014}.Release|Any CPU.ActiveCfg = Release|Any CPU
		{89AE1CF9-97BB-4DD6-8FBD-B14B4D0E3014}.Release|Any CPU.Build.0 = Release|Any CPU
		{1A61DCE0-0BB3-4270-A409-9A698B8A2044}.Debug|Any CPU.ActiveCfg = Debug|Any CPU
		{1A61DCE0-0BB3-4270-A409-9A698B8A2044}.Debug|Any CPU.Build.0 = Debug|Any CPU
		{1A61DCE0-0BB3-4270-A409-9A698B8A2044}.Release|Any CPU.ActiveCfg = Release|Any CPU
		{1A61DCE0-0BB3-4270-A409-9A698B8A2044}.Release|Any CPU.Build.0 = Release|Any CPU
		{2D408058-29E7-4592-8FF6-F0838AFBAF0E}.Debug|Any CPU.ActiveCfg = Debug|Any CPU
		{2D408058-29E7-4592-8FF6-F0838AFBAF0E}.Debug|Any CPU.Build.0 = Debug|Any CPU
		{2D408058-29E7-4592-8FF6-F0838AFBAF0E}.Release|Any CPU.ActiveCfg = Release|Any CPU
		{2D408058-29E7-4592-8FF6-F0838AFBAF0E}.Release|Any CPU.Build.0 = Release|Any CPU
		{837E6846-6A61-4FB4-87CB-BFBE8517D90D}.Debug|Any CPU.ActiveCfg = Debug|Any CPU
		{837E6846-6A61-4FB4-87CB-BFBE8517D90D}.Debug|Any CPU.Build.0 = Debug|Any CPU
		{837E6846-6A61-4FB4-87CB-BFBE8517D90D}.Release|Any CPU.ActiveCfg = Release|Any CPU
		{837E6846-6A61-4FB4-87CB-BFBE8517D90D}.Release|Any CPU.Build.0 = Release|Any CPU
		{FD578513-9F99-48F1-9ABF-7D397F7FB389}.Debug|Any CPU.ActiveCfg = Debug|Any CPU
		{FD578513-9F99-48F1-9ABF-7D397F7FB389}.Debug|Any CPU.Build.0 = Debug|Any CPU
		{FD578513-9F99-48F1-9ABF-7D397F7FB389}.Release|Any CPU.ActiveCfg = Release|Any CPU
		{FD578513-9F99-48F1-9ABF-7D397F7FB389}.Release|Any CPU.Build.0 = Release|Any CPU
		{D76822A0-12C5-42DC-A859-FF54CA45A7CC}.Debug|Any CPU.ActiveCfg = Debug|Any CPU
		{D76822A0-12C5-42DC-A859-FF54CA45A7CC}.Debug|Any CPU.Build.0 = Debug|Any CPU
		{D76822A0-12C5-42DC-A859-FF54CA45A7CC}.Release|Any CPU.ActiveCfg = Release|Any CPU
		{D76822A0-12C5-42DC-A859-FF54CA45A7CC}.Release|Any CPU.Build.0 = Release|Any CPU
		{0BB58B7E-249D-4D54-91CD-963921346D9A}.Debug|Any CPU.ActiveCfg = Debug|Any CPU
		{0BB58B7E-249D-4D54-91CD-963921346D9A}.Debug|Any CPU.Build.0 = Debug|Any CPU
		{0BB58B7E-249D-4D54-91CD-963921346D9A}.Release|Any CPU.ActiveCfg = Release|Any CPU
		{0BB58B7E-249D-4D54-91CD-963921346D9A}.Release|Any CPU.Build.0 = Release|Any CPU
		{95F2A938-F423-4CFB-9D6D-F3D5D7A49C7C}.Debug|Any CPU.ActiveCfg = Debug|Any CPU
		{95F2A938-F423-4CFB-9D6D-F3D5D7A49C7C}.Debug|Any CPU.Build.0 = Debug|Any CPU
		{95F2A938-F423-4CFB-9D6D-F3D5D7A49C7C}.Release|Any CPU.ActiveCfg = Release|Any CPU
		{95F2A938-F423-4CFB-9D6D-F3D5D7A49C7C}.Release|Any CPU.Build.0 = Release|Any CPU
		{3BA80F8C-95E6-432D-AE2C-3CAC84A28709}.Debug|Any CPU.ActiveCfg = Debug|Any CPU
		{3BA80F8C-95E6-432D-AE2C-3CAC84A28709}.Debug|Any CPU.Build.0 = Debug|Any CPU
		{3BA80F8C-95E6-432D-AE2C-3CAC84A28709}.Release|Any CPU.ActiveCfg = Release|Any CPU
		{3BA80F8C-95E6-432D-AE2C-3CAC84A28709}.Release|Any CPU.Build.0 = Release|Any CPU
		{07F6B66E-9981-4506-A1C7-1C968A467F30}.Debug|Any CPU.ActiveCfg = Debug|Any CPU
		{07F6B66E-9981-4506-A1C7-1C968A467F30}.Debug|Any CPU.Build.0 = Debug|Any CPU
		{07F6B66E-9981-4506-A1C7-1C968A467F30}.Release|Any CPU.ActiveCfg = Release|Any CPU
		{07F6B66E-9981-4506-A1C7-1C968A467F30}.Release|Any CPU.Build.0 = Release|Any CPU
		{4091994D-9C3D-4558-9CDF-88EF5B9867EF}.Debug|Any CPU.ActiveCfg = Debug|Any CPU
		{4091994D-9C3D-4558-9CDF-88EF5B9867EF}.Debug|Any CPU.Build.0 = Debug|Any CPU
		{4091994D-9C3D-4558-9CDF-88EF5B9867EF}.Release|Any CPU.ActiveCfg = Release|Any CPU
		{4091994D-9C3D-4558-9CDF-88EF5B9867EF}.Release|Any CPU.Build.0 = Release|Any CPU
		{1B91C052-158F-40BE-ACE7-B9E9BFEFD9B6}.Debug|Any CPU.ActiveCfg = Debug|Any CPU
		{1B91C052-158F-40BE-ACE7-B9E9BFEFD9B6}.Debug|Any CPU.Build.0 = Debug|Any CPU
		{1B91C052-158F-40BE-ACE7-B9E9BFEFD9B6}.Release|Any CPU.ActiveCfg = Release|Any CPU
		{1B91C052-158F-40BE-ACE7-B9E9BFEFD9B6}.Release|Any CPU.Build.0 = Release|Any CPU
		{D1125C9C-A041-4743-AA6E-2BEE34FFFE5B}.Debug|Any CPU.ActiveCfg = Debug|Any CPU
		{D1125C9C-A041-4743-AA6E-2BEE34FFFE5B}.Debug|Any CPU.Build.0 = Debug|Any CPU
		{D1125C9C-A041-4743-AA6E-2BEE34FFFE5B}.Release|Any CPU.ActiveCfg = Release|Any CPU
		{D1125C9C-A041-4743-AA6E-2BEE34FFFE5B}.Release|Any CPU.Build.0 = Release|Any CPU
		{878C8A6B-C94C-40D7-A22A-90522C00FE78}.Debug|Any CPU.ActiveCfg = Debug|Any CPU
		{878C8A6B-C94C-40D7-A22A-90522C00FE78}.Debug|Any CPU.Build.0 = Debug|Any CPU
		{878C8A6B-C94C-40D7-A22A-90522C00FE78}.Release|Any CPU.ActiveCfg = Release|Any CPU
		{878C8A6B-C94C-40D7-A22A-90522C00FE78}.Release|Any CPU.Build.0 = Release|Any CPU
		{78D03B10-7C3C-4E36-A457-A47C4A4AC64E}.Debug|Any CPU.ActiveCfg = Debug|Any CPU
		{78D03B10-7C3C-4E36-A457-A47C4A4AC64E}.Debug|Any CPU.Build.0 = Debug|Any CPU
		{78D03B10-7C3C-4E36-A457-A47C4A4AC64E}.Release|Any CPU.ActiveCfg = Release|Any CPU
		{78D03B10-7C3C-4E36-A457-A47C4A4AC64E}.Release|Any CPU.Build.0 = Release|Any CPU
		{AE61C83F-2911-49FD-B10F-0C4068CA7D53}.Debug|Any CPU.ActiveCfg = Debug|Any CPU
		{AE61C83F-2911-49FD-B10F-0C4068CA7D53}.Debug|Any CPU.Build.0 = Debug|Any CPU
		{AE61C83F-2911-49FD-B10F-0C4068CA7D53}.Release|Any CPU.ActiveCfg = Release|Any CPU
		{AE61C83F-2911-49FD-B10F-0C4068CA7D53}.Release|Any CPU.Build.0 = Release|Any CPU
		{C00BB2BA-ED67-4E3C-9242-D75C9BFAB271}.Debug|Any CPU.ActiveCfg = Debug|Any CPU
		{C00BB2BA-ED67-4E3C-9242-D75C9BFAB271}.Debug|Any CPU.Build.0 = Debug|Any CPU
		{C00BB2BA-ED67-4E3C-9242-D75C9BFAB271}.Release|Any CPU.ActiveCfg = Release|Any CPU
		{C00BB2BA-ED67-4E3C-9242-D75C9BFAB271}.Release|Any CPU.Build.0 = Release|Any CPU
		{EA533647-A3D7-4364-8DC3-E383DF02CD10}.Debug|Any CPU.ActiveCfg = Debug|Any CPU
		{EA533647-A3D7-4364-8DC3-E383DF02CD10}.Debug|Any CPU.Build.0 = Debug|Any CPU
		{EA533647-A3D7-4364-8DC3-E383DF02CD10}.Release|Any CPU.ActiveCfg = Release|Any CPU
		{EA533647-A3D7-4364-8DC3-E383DF02CD10}.Release|Any CPU.Build.0 = Release|Any CPU
		{D92F7A04-55BA-477C-95F4-CE860FCC2077}.Debug|Any CPU.ActiveCfg = Debug|Any CPU
		{D92F7A04-55BA-477C-95F4-CE860FCC2077}.Debug|Any CPU.Build.0 = Debug|Any CPU
		{D92F7A04-55BA-477C-95F4-CE860FCC2077}.Release|Any CPU.ActiveCfg = Release|Any CPU
		{D92F7A04-55BA-477C-95F4-CE860FCC2077}.Release|Any CPU.Build.0 = Release|Any CPU
		{1EF3E820-05A1-42C9-9D07-F03BDC07305A}.Debug|Any CPU.ActiveCfg = Debug|Any CPU
		{1EF3E820-05A1-42C9-9D07-F03BDC07305A}.Debug|Any CPU.Build.0 = Debug|Any CPU
		{1EF3E820-05A1-42C9-9D07-F03BDC07305A}.Release|Any CPU.ActiveCfg = Release|Any CPU
		{1EF3E820-05A1-42C9-9D07-F03BDC07305A}.Release|Any CPU.Build.0 = Release|Any CPU
		{C9F181A0-DD06-4FA0-BA0F-81D9DA50062A}.Debug|Any CPU.ActiveCfg = Debug|Any CPU
		{C9F181A0-DD06-4FA0-BA0F-81D9DA50062A}.Debug|Any CPU.Build.0 = Debug|Any CPU
		{C9F181A0-DD06-4FA0-BA0F-81D9DA50062A}.Release|Any CPU.ActiveCfg = Release|Any CPU
		{C9F181A0-DD06-4FA0-BA0F-81D9DA50062A}.Release|Any CPU.Build.0 = Release|Any CPU
		{92E5A1FB-A01C-47DD-B3C8-85B180133421}.Debug|Any CPU.ActiveCfg = Debug|Any CPU
		{92E5A1FB-A01C-47DD-B3C8-85B180133421}.Debug|Any CPU.Build.0 = Debug|Any CPU
		{92E5A1FB-A01C-47DD-B3C8-85B180133421}.Release|Any CPU.ActiveCfg = Release|Any CPU
		{92E5A1FB-A01C-47DD-B3C8-85B180133421}.Release|Any CPU.Build.0 = Release|Any CPU
		{24EE399A-E632-4315-80E0-F5E8F893F8A1}.Debug|Any CPU.ActiveCfg = Debug|Any CPU
		{24EE399A-E632-4315-80E0-F5E8F893F8A1}.Debug|Any CPU.Build.0 = Debug|Any CPU
		{24EE399A-E632-4315-80E0-F5E8F893F8A1}.Release|Any CPU.ActiveCfg = Release|Any CPU
		{24EE399A-E632-4315-80E0-F5E8F893F8A1}.Release|Any CPU.Build.0 = Release|Any CPU
		{8A086352-460D-4240-AE06-627F08D65290}.Debug|Any CPU.ActiveCfg = Debug|Any CPU
		{8A086352-460D-4240-AE06-627F08D65290}.Debug|Any CPU.Build.0 = Debug|Any CPU
		{8A086352-460D-4240-AE06-627F08D65290}.Release|Any CPU.ActiveCfg = Release|Any CPU
		{8A086352-460D-4240-AE06-627F08D65290}.Release|Any CPU.Build.0 = Release|Any CPU
		{1E99300D-69EB-4284-9040-764ABD23C6AD}.Debug|Any CPU.ActiveCfg = Debug|Any CPU
		{1E99300D-69EB-4284-9040-764ABD23C6AD}.Debug|Any CPU.Build.0 = Debug|Any CPU
		{1E99300D-69EB-4284-9040-764ABD23C6AD}.Release|Any CPU.ActiveCfg = Release|Any CPU
		{1E99300D-69EB-4284-9040-764ABD23C6AD}.Release|Any CPU.Build.0 = Release|Any CPU
		{807DB535-E92C-4627-8DE2-9942D6C49474}.Debug|Any CPU.ActiveCfg = Debug|Any CPU
		{807DB535-E92C-4627-8DE2-9942D6C49474}.Debug|Any CPU.Build.0 = Debug|Any CPU
		{807DB535-E92C-4627-8DE2-9942D6C49474}.Release|Any CPU.ActiveCfg = Release|Any CPU
		{807DB535-E92C-4627-8DE2-9942D6C49474}.Release|Any CPU.Build.0 = Release|Any CPU
		{C98C9ACE-02FA-4798-9D91-66A196CF02F9}.Debug|Any CPU.ActiveCfg = Debug|Any CPU
		{C98C9ACE-02FA-4798-9D91-66A196CF02F9}.Debug|Any CPU.Build.0 = Debug|Any CPU
		{C98C9ACE-02FA-4798-9D91-66A196CF02F9}.Release|Any CPU.ActiveCfg = Release|Any CPU
		{C98C9ACE-02FA-4798-9D91-66A196CF02F9}.Release|Any CPU.Build.0 = Release|Any CPU
		{4519F993-50E8-42BB-A735-B92E4B627D6C}.Debug|Any CPU.ActiveCfg = Debug|Any CPU
		{4519F993-50E8-42BB-A735-B92E4B627D6C}.Debug|Any CPU.Build.0 = Debug|Any CPU
		{4519F993-50E8-42BB-A735-B92E4B627D6C}.Release|Any CPU.ActiveCfg = Release|Any CPU
		{4519F993-50E8-42BB-A735-B92E4B627D6C}.Release|Any CPU.Build.0 = Release|Any CPU
		{325BDBF8-2E37-49D6-BE32-AD6C52B939A0}.Debug|Any CPU.ActiveCfg = Debug|Any CPU
		{325BDBF8-2E37-49D6-BE32-AD6C52B939A0}.Debug|Any CPU.Build.0 = Debug|Any CPU
		{325BDBF8-2E37-49D6-BE32-AD6C52B939A0}.Release|Any CPU.ActiveCfg = Release|Any CPU
		{325BDBF8-2E37-49D6-BE32-AD6C52B939A0}.Release|Any CPU.Build.0 = Release|Any CPU
		{4F73873A-C246-44E8-864D-E77AC6539F0D}.Debug|Any CPU.ActiveCfg = Debug|Any CPU
		{4F73873A-C246-44E8-864D-E77AC6539F0D}.Debug|Any CPU.Build.0 = Debug|Any CPU
		{4F73873A-C246-44E8-864D-E77AC6539F0D}.Release|Any CPU.ActiveCfg = Release|Any CPU
		{4F73873A-C246-44E8-864D-E77AC6539F0D}.Release|Any CPU.Build.0 = Release|Any CPU
		{E633037E-20AE-4435-BA15-42D6701B55F0}.Debug|Any CPU.ActiveCfg = Debug|Any CPU
		{E633037E-20AE-4435-BA15-42D6701B55F0}.Debug|Any CPU.Build.0 = Debug|Any CPU
		{E633037E-20AE-4435-BA15-42D6701B55F0}.Release|Any CPU.ActiveCfg = Release|Any CPU
		{E633037E-20AE-4435-BA15-42D6701B55F0}.Release|Any CPU.Build.0 = Release|Any CPU
		{C4500E86-A466-4C14-B99C-837619D83716}.Debug|Any CPU.ActiveCfg = Debug|Any CPU
		{C4500E86-A466-4C14-B99C-837619D83716}.Debug|Any CPU.Build.0 = Debug|Any CPU
		{C4500E86-A466-4C14-B99C-837619D83716}.Release|Any CPU.ActiveCfg = Release|Any CPU
		{C4500E86-A466-4C14-B99C-837619D83716}.Release|Any CPU.Build.0 = Release|Any CPU
		{19082B74-B742-4C0B-9660-9BF4D20EA6D8}.Debug|Any CPU.ActiveCfg = Debug|Any CPU
		{19082B74-B742-4C0B-9660-9BF4D20EA6D8}.Debug|Any CPU.Build.0 = Debug|Any CPU
		{19082B74-B742-4C0B-9660-9BF4D20EA6D8}.Release|Any CPU.ActiveCfg = Release|Any CPU
		{19082B74-B742-4C0B-9660-9BF4D20EA6D8}.Release|Any CPU.Build.0 = Release|Any CPU
		{FD338E07-7B0E-448B-A808-BA42BCF2EBB9}.Debug|Any CPU.ActiveCfg = Debug|Any CPU
		{FD338E07-7B0E-448B-A808-BA42BCF2EBB9}.Debug|Any CPU.Build.0 = Debug|Any CPU
		{FD338E07-7B0E-448B-A808-BA42BCF2EBB9}.Release|Any CPU.ActiveCfg = Release|Any CPU
		{FD338E07-7B0E-448B-A808-BA42BCF2EBB9}.Release|Any CPU.Build.0 = Release|Any CPU
		{59003CEE-3AE7-486B-B6AA-AC6E48C12805}.Debug|Any CPU.ActiveCfg = Debug|Any CPU
		{59003CEE-3AE7-486B-B6AA-AC6E48C12805}.Debug|Any CPU.Build.0 = Debug|Any CPU
		{59003CEE-3AE7-486B-B6AA-AC6E48C12805}.Release|Any CPU.ActiveCfg = Release|Any CPU
		{59003CEE-3AE7-486B-B6AA-AC6E48C12805}.Release|Any CPU.Build.0 = Release|Any CPU
		{E99F5FA7-C11C-4D90-9525-31CCADD30763}.Debug|Any CPU.ActiveCfg = Debug|Any CPU
		{E99F5FA7-C11C-4D90-9525-31CCADD30763}.Debug|Any CPU.Build.0 = Debug|Any CPU
		{E99F5FA7-C11C-4D90-9525-31CCADD30763}.Release|Any CPU.ActiveCfg = Release|Any CPU
		{E99F5FA7-C11C-4D90-9525-31CCADD30763}.Release|Any CPU.Build.0 = Release|Any CPU
		{FDA30BD4-4419-475B-88D4-BB26B1B85D50}.Debug|Any CPU.ActiveCfg = Debug|Any CPU
		{FDA30BD4-4419-475B-88D4-BB26B1B85D50}.Debug|Any CPU.Build.0 = Debug|Any CPU
		{FDA30BD4-4419-475B-88D4-BB26B1B85D50}.Release|Any CPU.ActiveCfg = Release|Any CPU
		{FDA30BD4-4419-475B-88D4-BB26B1B85D50}.Release|Any CPU.Build.0 = Release|Any CPU
		{0537E28E-FA3E-451F-ACCD-B94E888A2516}.Debug|Any CPU.ActiveCfg = Debug|Any CPU
		{0537E28E-FA3E-451F-ACCD-B94E888A2516}.Debug|Any CPU.Build.0 = Debug|Any CPU
		{0537E28E-FA3E-451F-ACCD-B94E888A2516}.Release|Any CPU.ActiveCfg = Release|Any CPU
		{0537E28E-FA3E-451F-ACCD-B94E888A2516}.Release|Any CPU.Build.0 = Release|Any CPU
		{5F253A9D-DFCB-4679-8E27-2C586B14133F}.Debug|Any CPU.ActiveCfg = Debug|Any CPU
		{5F253A9D-DFCB-4679-8E27-2C586B14133F}.Debug|Any CPU.Build.0 = Debug|Any CPU
		{5F253A9D-DFCB-4679-8E27-2C586B14133F}.Release|Any CPU.ActiveCfg = Release|Any CPU
		{5F253A9D-DFCB-4679-8E27-2C586B14133F}.Release|Any CPU.Build.0 = Release|Any CPU
		{2D94AC48-AEA1-4A26-A98F-FEC15C646BC6}.Debug|Any CPU.ActiveCfg = Debug|Any CPU
		{2D94AC48-AEA1-4A26-A98F-FEC15C646BC6}.Debug|Any CPU.Build.0 = Debug|Any CPU
		{2D94AC48-AEA1-4A26-A98F-FEC15C646BC6}.Release|Any CPU.ActiveCfg = Release|Any CPU
		{2D94AC48-AEA1-4A26-A98F-FEC15C646BC6}.Release|Any CPU.Build.0 = Release|Any CPU
		{BE1DDBE2-ECF5-491B-BC1A-1BDCAD70D4ED}.Debug|Any CPU.ActiveCfg = Debug|Any CPU
		{BE1DDBE2-ECF5-491B-BC1A-1BDCAD70D4ED}.Debug|Any CPU.Build.0 = Debug|Any CPU
		{BE1DDBE2-ECF5-491B-BC1A-1BDCAD70D4ED}.Release|Any CPU.ActiveCfg = Release|Any CPU
		{BE1DDBE2-ECF5-491B-BC1A-1BDCAD70D4ED}.Release|Any CPU.Build.0 = Release|Any CPU
		{DB1FB44A-C2D5-40CA-AFF2-3C445C6F4DB8}.Debug|Any CPU.ActiveCfg = Debug|Any CPU
		{DB1FB44A-C2D5-40CA-AFF2-3C445C6F4DB8}.Debug|Any CPU.Build.0 = Debug|Any CPU
		{DB1FB44A-C2D5-40CA-AFF2-3C445C6F4DB8}.Release|Any CPU.ActiveCfg = Release|Any CPU
		{DB1FB44A-C2D5-40CA-AFF2-3C445C6F4DB8}.Release|Any CPU.Build.0 = Release|Any CPU
		{C02A2703-D195-41E7-A19E-6D71058D680C}.Debug|Any CPU.ActiveCfg = Debug|Any CPU
		{C02A2703-D195-41E7-A19E-6D71058D680C}.Debug|Any CPU.Build.0 = Debug|Any CPU
		{C02A2703-D195-41E7-A19E-6D71058D680C}.Release|Any CPU.ActiveCfg = Release|Any CPU
		{C02A2703-D195-41E7-A19E-6D71058D680C}.Release|Any CPU.Build.0 = Release|Any CPU
		{E6494C3A-6972-4C43-87E2-0CD9F16197FB}.Debug|Any CPU.ActiveCfg = Debug|Any CPU
		{E6494C3A-6972-4C43-87E2-0CD9F16197FB}.Debug|Any CPU.Build.0 = Debug|Any CPU
		{E6494C3A-6972-4C43-87E2-0CD9F16197FB}.Release|Any CPU.ActiveCfg = Release|Any CPU
		{E6494C3A-6972-4C43-87E2-0CD9F16197FB}.Release|Any CPU.Build.0 = Release|Any CPU
		{A7C883B2-F50F-403D-97FE-0AD5EE5A095E}.Debug|Any CPU.ActiveCfg = Debug|Any CPU
		{A7C883B2-F50F-403D-97FE-0AD5EE5A095E}.Debug|Any CPU.Build.0 = Debug|Any CPU
		{A7C883B2-F50F-403D-97FE-0AD5EE5A095E}.Release|Any CPU.ActiveCfg = Release|Any CPU
		{A7C883B2-F50F-403D-97FE-0AD5EE5A095E}.Release|Any CPU.Build.0 = Release|Any CPU
		{41A9AA93-6AE8-40E3-B4B7-90BF92C05D7E}.Debug|Any CPU.ActiveCfg = Debug|Any CPU
		{41A9AA93-6AE8-40E3-B4B7-90BF92C05D7E}.Debug|Any CPU.Build.0 = Debug|Any CPU
		{41A9AA93-6AE8-40E3-B4B7-90BF92C05D7E}.Release|Any CPU.ActiveCfg = Release|Any CPU
		{41A9AA93-6AE8-40E3-B4B7-90BF92C05D7E}.Release|Any CPU.Build.0 = Release|Any CPU
		{420D976D-51AC-4ED9-AE10-D09701A504C9}.Debug|Any CPU.ActiveCfg = Debug|Any CPU
		{420D976D-51AC-4ED9-AE10-D09701A504C9}.Debug|Any CPU.Build.0 = Debug|Any CPU
		{420D976D-51AC-4ED9-AE10-D09701A504C9}.Release|Any CPU.ActiveCfg = Release|Any CPU
		{420D976D-51AC-4ED9-AE10-D09701A504C9}.Release|Any CPU.Build.0 = Release|Any CPU
		{83986447-6162-431E-AEEA-B67DFA97D224}.Debug|Any CPU.ActiveCfg = Debug|Any CPU
		{83986447-6162-431E-AEEA-B67DFA97D224}.Debug|Any CPU.Build.0 = Debug|Any CPU
		{83986447-6162-431E-AEEA-B67DFA97D224}.Release|Any CPU.ActiveCfg = Release|Any CPU
		{83986447-6162-431E-AEEA-B67DFA97D224}.Release|Any CPU.Build.0 = Release|Any CPU
		{0F9C784D-8AD6-4315-BCD4-A59AF911038C}.Debug|Any CPU.ActiveCfg = Debug|Any CPU
		{0F9C784D-8AD6-4315-BCD4-A59AF911038C}.Debug|Any CPU.Build.0 = Debug|Any CPU
		{0F9C784D-8AD6-4315-BCD4-A59AF911038C}.Release|Any CPU.ActiveCfg = Release|Any CPU
		{0F9C784D-8AD6-4315-BCD4-A59AF911038C}.Release|Any CPU.Build.0 = Release|Any CPU
		{F269DEB0-985B-43D3-9113-2E21A0F4C64B}.Debug|Any CPU.ActiveCfg = Debug|Any CPU
		{F269DEB0-985B-43D3-9113-2E21A0F4C64B}.Debug|Any CPU.Build.0 = Debug|Any CPU
		{F269DEB0-985B-43D3-9113-2E21A0F4C64B}.Release|Any CPU.ActiveCfg = Release|Any CPU
		{F269DEB0-985B-43D3-9113-2E21A0F4C64B}.Release|Any CPU.Build.0 = Release|Any CPU
		{AF8C5EB0-BA78-4191-81D6-8D40F28335D5}.Debug|Any CPU.ActiveCfg = Debug|Any CPU
		{AF8C5EB0-BA78-4191-81D6-8D40F28335D5}.Debug|Any CPU.Build.0 = Debug|Any CPU
		{AF8C5EB0-BA78-4191-81D6-8D40F28335D5}.Release|Any CPU.ActiveCfg = Release|Any CPU
		{AF8C5EB0-BA78-4191-81D6-8D40F28335D5}.Release|Any CPU.Build.0 = Release|Any CPU
		{50F05500-6A24-4107-B918-E13BB7ED39D6}.Debug|Any CPU.ActiveCfg = Debug|Any CPU
		{50F05500-6A24-4107-B918-E13BB7ED39D6}.Debug|Any CPU.Build.0 = Debug|Any CPU
		{50F05500-6A24-4107-B918-E13BB7ED39D6}.Release|Any CPU.ActiveCfg = Release|Any CPU
		{50F05500-6A24-4107-B918-E13BB7ED39D6}.Release|Any CPU.Build.0 = Release|Any CPU
		{EB42AE7D-97D5-411E-87D2-F04079AA52D8}.Debug|Any CPU.ActiveCfg = Debug|Any CPU
		{EB42AE7D-97D5-411E-87D2-F04079AA52D8}.Debug|Any CPU.Build.0 = Debug|Any CPU
		{EB42AE7D-97D5-411E-87D2-F04079AA52D8}.Release|Any CPU.ActiveCfg = Release|Any CPU
		{EB42AE7D-97D5-411E-87D2-F04079AA52D8}.Release|Any CPU.Build.0 = Release|Any CPU
		{1BFF2F38-78CB-4C7A-890C-574DDC258AF1}.Debug|Any CPU.ActiveCfg = Debug|Any CPU
		{1BFF2F38-78CB-4C7A-890C-574DDC258AF1}.Debug|Any CPU.Build.0 = Debug|Any CPU
		{1BFF2F38-78CB-4C7A-890C-574DDC258AF1}.Release|Any CPU.ActiveCfg = Release|Any CPU
		{1BFF2F38-78CB-4C7A-890C-574DDC258AF1}.Release|Any CPU.Build.0 = Release|Any CPU
		{8E6071B1-7816-4503-AC11-B59F8BE53463}.Debug|Any CPU.ActiveCfg = Debug|Any CPU
		{8E6071B1-7816-4503-AC11-B59F8BE53463}.Debug|Any CPU.Build.0 = Debug|Any CPU
		{8E6071B1-7816-4503-AC11-B59F8BE53463}.Release|Any CPU.ActiveCfg = Release|Any CPU
		{8E6071B1-7816-4503-AC11-B59F8BE53463}.Release|Any CPU.Build.0 = Release|Any CPU
		{E388A061-D40B-437E-993E-38D8E2E9C939}.Debug|Any CPU.ActiveCfg = Debug|Any CPU
		{E388A061-D40B-437E-993E-38D8E2E9C939}.Debug|Any CPU.Build.0 = Debug|Any CPU
		{E388A061-D40B-437E-993E-38D8E2E9C939}.Release|Any CPU.ActiveCfg = Release|Any CPU
		{E388A061-D40B-437E-993E-38D8E2E9C939}.Release|Any CPU.Build.0 = Release|Any CPU
		{EC9E150F-175F-4EFC-83F8-27438AC04615}.Debug|Any CPU.ActiveCfg = Debug|Any CPU
		{EC9E150F-175F-4EFC-83F8-27438AC04615}.Debug|Any CPU.Build.0 = Debug|Any CPU
		{EC9E150F-175F-4EFC-83F8-27438AC04615}.Release|Any CPU.ActiveCfg = Release|Any CPU
		{EC9E150F-175F-4EFC-83F8-27438AC04615}.Release|Any CPU.Build.0 = Release|Any CPU
		{103F317E-7D6F-469C-A5DA-D75E351A2825}.Debug|Any CPU.ActiveCfg = Debug|Any CPU
		{103F317E-7D6F-469C-A5DA-D75E351A2825}.Debug|Any CPU.Build.0 = Debug|Any CPU
		{103F317E-7D6F-469C-A5DA-D75E351A2825}.Release|Any CPU.ActiveCfg = Release|Any CPU
		{103F317E-7D6F-469C-A5DA-D75E351A2825}.Release|Any CPU.Build.0 = Release|Any CPU
		{82D716EF-C59A-4F03-85D6-758DE54DB5C8}.Debug|Any CPU.ActiveCfg = Debug|Any CPU
		{82D716EF-C59A-4F03-85D6-758DE54DB5C8}.Debug|Any CPU.Build.0 = Debug|Any CPU
		{82D716EF-C59A-4F03-85D6-758DE54DB5C8}.Release|Any CPU.ActiveCfg = Release|Any CPU
		{82D716EF-C59A-4F03-85D6-758DE54DB5C8}.Release|Any CPU.Build.0 = Release|Any CPU
		{BCEA5E0C-8D51-4E97-AFEB-F085E16E1214}.Debug|Any CPU.ActiveCfg = Debug|Any CPU
		{BCEA5E0C-8D51-4E97-AFEB-F085E16E1214}.Debug|Any CPU.Build.0 = Debug|Any CPU
		{BCEA5E0C-8D51-4E97-AFEB-F085E16E1214}.Release|Any CPU.ActiveCfg = Release|Any CPU
		{BCEA5E0C-8D51-4E97-AFEB-F085E16E1214}.Release|Any CPU.Build.0 = Release|Any CPU
		{EC20DF26-27CD-46A3-BFE8-2869B08BFFCD}.Debug|Any CPU.ActiveCfg = Debug|Any CPU
		{EC20DF26-27CD-46A3-BFE8-2869B08BFFCD}.Debug|Any CPU.Build.0 = Debug|Any CPU
		{EC20DF26-27CD-46A3-BFE8-2869B08BFFCD}.Release|Any CPU.ActiveCfg = Release|Any CPU
		{EC20DF26-27CD-46A3-BFE8-2869B08BFFCD}.Release|Any CPU.Build.0 = Release|Any CPU
		{CE7667D5-717A-4C8D-9E8C-459ED2AB0EC8}.Debug|Any CPU.ActiveCfg = Debug|Any CPU
		{CE7667D5-717A-4C8D-9E8C-459ED2AB0EC8}.Debug|Any CPU.Build.0 = Debug|Any CPU
		{CE7667D5-717A-4C8D-9E8C-459ED2AB0EC8}.Release|Any CPU.ActiveCfg = Release|Any CPU
		{CE7667D5-717A-4C8D-9E8C-459ED2AB0EC8}.Release|Any CPU.Build.0 = Release|Any CPU
		{65248696-E6A4-401A-8011-27E353CA8E91}.Debug|Any CPU.ActiveCfg = Debug|Any CPU
		{65248696-E6A4-401A-8011-27E353CA8E91}.Debug|Any CPU.Build.0 = Debug|Any CPU
		{65248696-E6A4-401A-8011-27E353CA8E91}.Release|Any CPU.ActiveCfg = Release|Any CPU
		{65248696-E6A4-401A-8011-27E353CA8E91}.Release|Any CPU.Build.0 = Release|Any CPU
		{A0FAD67E-4D22-4B97-A7CC-85789D11D88D}.Debug|Any CPU.ActiveCfg = Debug|Any CPU
		{A0FAD67E-4D22-4B97-A7CC-85789D11D88D}.Debug|Any CPU.Build.0 = Debug|Any CPU
		{A0FAD67E-4D22-4B97-A7CC-85789D11D88D}.Release|Any CPU.ActiveCfg = Release|Any CPU
		{A0FAD67E-4D22-4B97-A7CC-85789D11D88D}.Release|Any CPU.Build.0 = Release|Any CPU
		{B66F7525-B032-4B25-B3E8-3BAD232DF762}.Debug|Any CPU.ActiveCfg = Debug|Any CPU
		{B66F7525-B032-4B25-B3E8-3BAD232DF762}.Debug|Any CPU.Build.0 = Debug|Any CPU
		{B66F7525-B032-4B25-B3E8-3BAD232DF762}.Release|Any CPU.ActiveCfg = Release|Any CPU
		{B66F7525-B032-4B25-B3E8-3BAD232DF762}.Release|Any CPU.Build.0 = Release|Any CPU
		{417A4E24-31A9-4BE9-B33A-963C6A610326}.Debug|Any CPU.ActiveCfg = Debug|Any CPU
		{417A4E24-31A9-4BE9-B33A-963C6A610326}.Debug|Any CPU.Build.0 = Debug|Any CPU
		{417A4E24-31A9-4BE9-B33A-963C6A610326}.Release|Any CPU.ActiveCfg = Release|Any CPU
		{417A4E24-31A9-4BE9-B33A-963C6A610326}.Release|Any CPU.Build.0 = Release|Any CPU
		{42BA759E-FC7C-4E8E-9269-83CC604FEE28}.Debug|Any CPU.ActiveCfg = Debug|Any CPU
		{42BA759E-FC7C-4E8E-9269-83CC604FEE28}.Debug|Any CPU.Build.0 = Debug|Any CPU
		{42BA759E-FC7C-4E8E-9269-83CC604FEE28}.Release|Any CPU.ActiveCfg = Release|Any CPU
		{42BA759E-FC7C-4E8E-9269-83CC604FEE28}.Release|Any CPU.Build.0 = Release|Any CPU
		{DFEDD388-C835-4C49-9720-C4A48EF765A1}.Debug|Any CPU.ActiveCfg = Debug|Any CPU
		{DFEDD388-C835-4C49-9720-C4A48EF765A1}.Debug|Any CPU.Build.0 = Debug|Any CPU
		{DFEDD388-C835-4C49-9720-C4A48EF765A1}.Release|Any CPU.ActiveCfg = Release|Any CPU
		{DFEDD388-C835-4C49-9720-C4A48EF765A1}.Release|Any CPU.Build.0 = Release|Any CPU
		{C7409C6E-5736-4419-9810-FF4AE622305A}.Debug|Any CPU.ActiveCfg = Debug|Any CPU
		{C7409C6E-5736-4419-9810-FF4AE622305A}.Debug|Any CPU.Build.0 = Debug|Any CPU
		{C7409C6E-5736-4419-9810-FF4AE622305A}.Release|Any CPU.ActiveCfg = Release|Any CPU
		{C7409C6E-5736-4419-9810-FF4AE622305A}.Release|Any CPU.Build.0 = Release|Any CPU
		{3F2094FD-EAA1-4F98-86D1-82EC45096CEB}.Debug|Any CPU.ActiveCfg = Debug|Any CPU
		{3F2094FD-EAA1-4F98-86D1-82EC45096CEB}.Debug|Any CPU.Build.0 = Debug|Any CPU
		{3F2094FD-EAA1-4F98-86D1-82EC45096CEB}.Release|Any CPU.ActiveCfg = Release|Any CPU
		{3F2094FD-EAA1-4F98-86D1-82EC45096CEB}.Release|Any CPU.Build.0 = Release|Any CPU
		{203FFF3E-9BD5-4924-BFD3-4A14CD639122}.Debug|Any CPU.ActiveCfg = Debug|Any CPU
		{203FFF3E-9BD5-4924-BFD3-4A14CD639122}.Debug|Any CPU.Build.0 = Debug|Any CPU
		{203FFF3E-9BD5-4924-BFD3-4A14CD639122}.Release|Any CPU.ActiveCfg = Release|Any CPU
		{203FFF3E-9BD5-4924-BFD3-4A14CD639122}.Release|Any CPU.Build.0 = Release|Any CPU
		{81BF9642-6047-4109-997D-94E2293CBE56}.Debug|Any CPU.ActiveCfg = Debug|Any CPU
		{81BF9642-6047-4109-997D-94E2293CBE56}.Debug|Any CPU.Build.0 = Debug|Any CPU
		{81BF9642-6047-4109-997D-94E2293CBE56}.Release|Any CPU.ActiveCfg = Release|Any CPU
		{81BF9642-6047-4109-997D-94E2293CBE56}.Release|Any CPU.Build.0 = Release|Any CPU
		{FBDF06D4-8CEC-47C5-A24B-D6530A59C5F4}.Debug|Any CPU.ActiveCfg = Debug|Any CPU
		{FBDF06D4-8CEC-47C5-A24B-D6530A59C5F4}.Debug|Any CPU.Build.0 = Debug|Any CPU
		{FBDF06D4-8CEC-47C5-A24B-D6530A59C5F4}.Release|Any CPU.ActiveCfg = Release|Any CPU
		{FBDF06D4-8CEC-47C5-A24B-D6530A59C5F4}.Release|Any CPU.Build.0 = Release|Any CPU
		{06AF2D3D-032A-4564-B06F-E313F8134CD3}.Debug|Any CPU.ActiveCfg = Debug|Any CPU
		{06AF2D3D-032A-4564-B06F-E313F8134CD3}.Debug|Any CPU.Build.0 = Debug|Any CPU
		{06AF2D3D-032A-4564-B06F-E313F8134CD3}.Release|Any CPU.ActiveCfg = Release|Any CPU
		{06AF2D3D-032A-4564-B06F-E313F8134CD3}.Release|Any CPU.Build.0 = Release|Any CPU
		{5E8FD87D-019D-4AE6-BB38-9D96E6BE9011}.Debug|Any CPU.ActiveCfg = Debug|Any CPU
		{5E8FD87D-019D-4AE6-BB38-9D96E6BE9011}.Debug|Any CPU.Build.0 = Debug|Any CPU
		{5E8FD87D-019D-4AE6-BB38-9D96E6BE9011}.Release|Any CPU.ActiveCfg = Release|Any CPU
		{5E8FD87D-019D-4AE6-BB38-9D96E6BE9011}.Release|Any CPU.Build.0 = Release|Any CPU
		{EAADB5E8-CA7F-454A-A3B2-13D08234F954}.Debug|Any CPU.ActiveCfg = Debug|Any CPU
		{EAADB5E8-CA7F-454A-A3B2-13D08234F954}.Debug|Any CPU.Build.0 = Debug|Any CPU
		{EAADB5E8-CA7F-454A-A3B2-13D08234F954}.Release|Any CPU.ActiveCfg = Release|Any CPU
		{EAADB5E8-CA7F-454A-A3B2-13D08234F954}.Release|Any CPU.Build.0 = Release|Any CPU
		{7B4CCFD2-38DD-4533-BAF4-EDA29CAEA7D5}.Debug|Any CPU.ActiveCfg = Debug|Any CPU
		{7B4CCFD2-38DD-4533-BAF4-EDA29CAEA7D5}.Debug|Any CPU.Build.0 = Debug|Any CPU
		{7B4CCFD2-38DD-4533-BAF4-EDA29CAEA7D5}.Release|Any CPU.ActiveCfg = Release|Any CPU
		{7B4CCFD2-38DD-4533-BAF4-EDA29CAEA7D5}.Release|Any CPU.Build.0 = Release|Any CPU
		{AA3B7617-DA34-482D-89C2-7BA3C99FE755}.Debug|Any CPU.ActiveCfg = Debug|Any CPU
		{AA3B7617-DA34-482D-89C2-7BA3C99FE755}.Debug|Any CPU.Build.0 = Debug|Any CPU
		{AA3B7617-DA34-482D-89C2-7BA3C99FE755}.Release|Any CPU.ActiveCfg = Release|Any CPU
		{AA3B7617-DA34-482D-89C2-7BA3C99FE755}.Release|Any CPU.Build.0 = Release|Any CPU
		{E1367CBE-7B0A-4495-BD86-49230447024C}.Debug|Any CPU.ActiveCfg = Debug|Any CPU
		{E1367CBE-7B0A-4495-BD86-49230447024C}.Debug|Any CPU.Build.0 = Debug|Any CPU
		{E1367CBE-7B0A-4495-BD86-49230447024C}.Release|Any CPU.ActiveCfg = Release|Any CPU
		{E1367CBE-7B0A-4495-BD86-49230447024C}.Release|Any CPU.Build.0 = Release|Any CPU
		{819FDBF0-82B3-451C-B813-700A65075DF5}.Debug|Any CPU.ActiveCfg = Debug|Any CPU
		{819FDBF0-82B3-451C-B813-700A65075DF5}.Debug|Any CPU.Build.0 = Debug|Any CPU
		{819FDBF0-82B3-451C-B813-700A65075DF5}.Release|Any CPU.ActiveCfg = Release|Any CPU
		{819FDBF0-82B3-451C-B813-700A65075DF5}.Release|Any CPU.Build.0 = Release|Any CPU
		{02383AC0-75DE-46CB-B821-13299410861D}.Debug|Any CPU.ActiveCfg = Debug|Any CPU
		{02383AC0-75DE-46CB-B821-13299410861D}.Debug|Any CPU.Build.0 = Debug|Any CPU
		{02383AC0-75DE-46CB-B821-13299410861D}.Release|Any CPU.ActiveCfg = Release|Any CPU
		{02383AC0-75DE-46CB-B821-13299410861D}.Release|Any CPU.Build.0 = Release|Any CPU
		{C9C6356F-37EF-42B5-9E1B-CF4FCDE4ED77}.Debug|Any CPU.ActiveCfg = Debug|Any CPU
		{C9C6356F-37EF-42B5-9E1B-CF4FCDE4ED77}.Debug|Any CPU.Build.0 = Debug|Any CPU
		{C9C6356F-37EF-42B5-9E1B-CF4FCDE4ED77}.Release|Any CPU.ActiveCfg = Release|Any CPU
		{C9C6356F-37EF-42B5-9E1B-CF4FCDE4ED77}.Release|Any CPU.Build.0 = Release|Any CPU
		{345904CB-3617-4AA2-8335-F16FBD300013}.Debug|Any CPU.ActiveCfg = Debug|Any CPU
		{345904CB-3617-4AA2-8335-F16FBD300013}.Debug|Any CPU.Build.0 = Debug|Any CPU
		{345904CB-3617-4AA2-8335-F16FBD300013}.Release|Any CPU.ActiveCfg = Release|Any CPU
		{345904CB-3617-4AA2-8335-F16FBD300013}.Release|Any CPU.Build.0 = Release|Any CPU
		{A4CFAD36-89FA-4D99-BBCD-4C08AB36DD47}.Debug|Any CPU.ActiveCfg = Debug|Any CPU
		{A4CFAD36-89FA-4D99-BBCD-4C08AB36DD47}.Debug|Any CPU.Build.0 = Debug|Any CPU
		{A4CFAD36-89FA-4D99-BBCD-4C08AB36DD47}.Release|Any CPU.ActiveCfg = Release|Any CPU
		{A4CFAD36-89FA-4D99-BBCD-4C08AB36DD47}.Release|Any CPU.Build.0 = Release|Any CPU
		{4285E4FC-F40D-4687-B515-79D67045F300}.Debug|Any CPU.ActiveCfg = Debug|Any CPU
		{4285E4FC-F40D-4687-B515-79D67045F300}.Debug|Any CPU.Build.0 = Debug|Any CPU
		{4285E4FC-F40D-4687-B515-79D67045F300}.Release|Any CPU.ActiveCfg = Release|Any CPU
		{4285E4FC-F40D-4687-B515-79D67045F300}.Release|Any CPU.Build.0 = Release|Any CPU
		{C8C0F8EF-3125-4B3F-AB23-FA07F03A0128}.Debug|Any CPU.ActiveCfg = Debug|Any CPU
		{C8C0F8EF-3125-4B3F-AB23-FA07F03A0128}.Debug|Any CPU.Build.0 = Debug|Any CPU
		{C8C0F8EF-3125-4B3F-AB23-FA07F03A0128}.Release|Any CPU.ActiveCfg = Release|Any CPU
		{C8C0F8EF-3125-4B3F-AB23-FA07F03A0128}.Release|Any CPU.Build.0 = Release|Any CPU
		{C0CB6A77-F778-47A7-B6D3-E8562776247F}.Debug|Any CPU.ActiveCfg = Debug|Any CPU
		{C0CB6A77-F778-47A7-B6D3-E8562776247F}.Debug|Any CPU.Build.0 = Debug|Any CPU
		{C0CB6A77-F778-47A7-B6D3-E8562776247F}.Release|Any CPU.ActiveCfg = Release|Any CPU
		{C0CB6A77-F778-47A7-B6D3-E8562776247F}.Release|Any CPU.Build.0 = Release|Any CPU
		{BE30A193-6ECF-4DEB-8DC1-07AB0BD73B3D}.Debug|Any CPU.ActiveCfg = Debug|Any CPU
		{BE30A193-6ECF-4DEB-8DC1-07AB0BD73B3D}.Debug|Any CPU.Build.0 = Debug|Any CPU
		{BE30A193-6ECF-4DEB-8DC1-07AB0BD73B3D}.Release|Any CPU.ActiveCfg = Release|Any CPU
		{BE30A193-6ECF-4DEB-8DC1-07AB0BD73B3D}.Release|Any CPU.Build.0 = Release|Any CPU
		{64BFA4F5-9FD4-4481-92DE-40186418780A}.Debug|Any CPU.ActiveCfg = Debug|Any CPU
		{64BFA4F5-9FD4-4481-92DE-40186418780A}.Debug|Any CPU.Build.0 = Debug|Any CPU
		{64BFA4F5-9FD4-4481-92DE-40186418780A}.Release|Any CPU.ActiveCfg = Release|Any CPU
		{64BFA4F5-9FD4-4481-92DE-40186418780A}.Release|Any CPU.Build.0 = Release|Any CPU
		{9C843A3C-8C2C-460E-9EF9-D968A544B9C9}.Debug|Any CPU.ActiveCfg = Debug|Any CPU
		{9C843A3C-8C2C-460E-9EF9-D968A544B9C9}.Debug|Any CPU.Build.0 = Debug|Any CPU
		{9C843A3C-8C2C-460E-9EF9-D968A544B9C9}.Release|Any CPU.ActiveCfg = Release|Any CPU
		{9C843A3C-8C2C-460E-9EF9-D968A544B9C9}.Release|Any CPU.Build.0 = Release|Any CPU
		{BD35F9BC-AC5C-49DC-9E9F-D04A1878DECF}.Debug|Any CPU.ActiveCfg = Debug|Any CPU
		{BD35F9BC-AC5C-49DC-9E9F-D04A1878DECF}.Debug|Any CPU.Build.0 = Debug|Any CPU
		{BD35F9BC-AC5C-49DC-9E9F-D04A1878DECF}.Release|Any CPU.ActiveCfg = Release|Any CPU
		{BD35F9BC-AC5C-49DC-9E9F-D04A1878DECF}.Release|Any CPU.Build.0 = Release|Any CPU
		{79819B34-3A3F-4EFE-B587-5FB47A011FA7}.Debug|Any CPU.ActiveCfg = Debug|Any CPU
		{79819B34-3A3F-4EFE-B587-5FB47A011FA7}.Debug|Any CPU.Build.0 = Debug|Any CPU
		{79819B34-3A3F-4EFE-B587-5FB47A011FA7}.Release|Any CPU.ActiveCfg = Release|Any CPU
		{79819B34-3A3F-4EFE-B587-5FB47A011FA7}.Release|Any CPU.Build.0 = Release|Any CPU
		{FB836BE6-8B88-48C2-BF8B-1966F1D1F214}.Debug|Any CPU.ActiveCfg = Debug|Any CPU
		{FB836BE6-8B88-48C2-BF8B-1966F1D1F214}.Debug|Any CPU.Build.0 = Debug|Any CPU
		{FB836BE6-8B88-48C2-BF8B-1966F1D1F214}.Release|Any CPU.ActiveCfg = Release|Any CPU
		{FB836BE6-8B88-48C2-BF8B-1966F1D1F214}.Release|Any CPU.Build.0 = Release|Any CPU
		{F96227CA-CA71-47D9-88C0-69AD98F47D84}.Debug|Any CPU.ActiveCfg = Debug|Any CPU
		{F96227CA-CA71-47D9-88C0-69AD98F47D84}.Debug|Any CPU.Build.0 = Debug|Any CPU
		{F96227CA-CA71-47D9-88C0-69AD98F47D84}.Release|Any CPU.ActiveCfg = Release|Any CPU
		{F96227CA-CA71-47D9-88C0-69AD98F47D84}.Release|Any CPU.Build.0 = Release|Any CPU
		{191BFDDC-D094-4C7C-9822-A1BB6108E6EC}.Debug|Any CPU.ActiveCfg = Debug|Any CPU
		{191BFDDC-D094-4C7C-9822-A1BB6108E6EC}.Debug|Any CPU.Build.0 = Debug|Any CPU
		{191BFDDC-D094-4C7C-9822-A1BB6108E6EC}.Release|Any CPU.ActiveCfg = Release|Any CPU
		{191BFDDC-D094-4C7C-9822-A1BB6108E6EC}.Release|Any CPU.Build.0 = Release|Any CPU
		{4C2F41F0-7876-4D68-9C21-4193A5B58BEF}.Debug|Any CPU.ActiveCfg = Debug|Any CPU
		{4C2F41F0-7876-4D68-9C21-4193A5B58BEF}.Debug|Any CPU.Build.0 = Debug|Any CPU
		{4C2F41F0-7876-4D68-9C21-4193A5B58BEF}.Release|Any CPU.ActiveCfg = Release|Any CPU
		{4C2F41F0-7876-4D68-9C21-4193A5B58BEF}.Release|Any CPU.Build.0 = Release|Any CPU
		{6F8610DE-3190-4D8F-82FC-3DE7B1CAFA6C}.Debug|Any CPU.ActiveCfg = Debug|Any CPU
		{6F8610DE-3190-4D8F-82FC-3DE7B1CAFA6C}.Debug|Any CPU.Build.0 = Debug|Any CPU
		{6F8610DE-3190-4D8F-82FC-3DE7B1CAFA6C}.Release|Any CPU.ActiveCfg = Release|Any CPU
		{6F8610DE-3190-4D8F-82FC-3DE7B1CAFA6C}.Release|Any CPU.Build.0 = Release|Any CPU
		{A8A12132-10BC-4420-8192-493153114F98}.Debug|Any CPU.ActiveCfg = Debug|Any CPU
		{A8A12132-10BC-4420-8192-493153114F98}.Debug|Any CPU.Build.0 = Debug|Any CPU
		{A8A12132-10BC-4420-8192-493153114F98}.Release|Any CPU.ActiveCfg = Release|Any CPU
		{A8A12132-10BC-4420-8192-493153114F98}.Release|Any CPU.Build.0 = Release|Any CPU
		{0B1E4DEF-09AF-4A7C-BCF4-4888513F7390}.Debug|Any CPU.ActiveCfg = Debug|Any CPU
		{0B1E4DEF-09AF-4A7C-BCF4-4888513F7390}.Debug|Any CPU.Build.0 = Debug|Any CPU
		{0B1E4DEF-09AF-4A7C-BCF4-4888513F7390}.Release|Any CPU.ActiveCfg = Release|Any CPU
		{0B1E4DEF-09AF-4A7C-BCF4-4888513F7390}.Release|Any CPU.Build.0 = Release|Any CPU
		{2052275E-572B-40D5-A664-16E146763CE4}.Debug|Any CPU.ActiveCfg = Debug|Any CPU
		{2052275E-572B-40D5-A664-16E146763CE4}.Debug|Any CPU.Build.0 = Debug|Any CPU
		{2052275E-572B-40D5-A664-16E146763CE4}.Release|Any CPU.ActiveCfg = Release|Any CPU
		{2052275E-572B-40D5-A664-16E146763CE4}.Release|Any CPU.Build.0 = Release|Any CPU
		{2C3EB860-9051-40B6-AF39-D33E3917EA4A}.Debug|Any CPU.ActiveCfg = Debug|Any CPU
		{2C3EB860-9051-40B6-AF39-D33E3917EA4A}.Debug|Any CPU.Build.0 = Debug|Any CPU
		{2C3EB860-9051-40B6-AF39-D33E3917EA4A}.Release|Any CPU.ActiveCfg = Release|Any CPU
		{2C3EB860-9051-40B6-AF39-D33E3917EA4A}.Release|Any CPU.Build.0 = Release|Any CPU
		{510411E9-9F01-4F53-87A5-85400472AE27}.Debug|Any CPU.ActiveCfg = Debug|Any CPU
		{510411E9-9F01-4F53-87A5-85400472AE27}.Debug|Any CPU.Build.0 = Debug|Any CPU
		{510411E9-9F01-4F53-87A5-85400472AE27}.Release|Any CPU.ActiveCfg = Release|Any CPU
		{510411E9-9F01-4F53-87A5-85400472AE27}.Release|Any CPU.Build.0 = Release|Any CPU
		{5C836950-1C1E-48E5-B873-AE4DE20BEB92}.Debug|Any CPU.ActiveCfg = Debug|Any CPU
		{5C836950-1C1E-48E5-B873-AE4DE20BEB92}.Debug|Any CPU.Build.0 = Debug|Any CPU
		{5C836950-1C1E-48E5-B873-AE4DE20BEB92}.Release|Any CPU.ActiveCfg = Release|Any CPU
		{5C836950-1C1E-48E5-B873-AE4DE20BEB92}.Release|Any CPU.Build.0 = Release|Any CPU
		{CB00A3C9-11CF-476D-9539-F5F6BFA02B5B}.Debug|Any CPU.ActiveCfg = Debug|Any CPU
		{CB00A3C9-11CF-476D-9539-F5F6BFA02B5B}.Debug|Any CPU.Build.0 = Debug|Any CPU
		{CB00A3C9-11CF-476D-9539-F5F6BFA02B5B}.Release|Any CPU.ActiveCfg = Release|Any CPU
		{CB00A3C9-11CF-476D-9539-F5F6BFA02B5B}.Release|Any CPU.Build.0 = Release|Any CPU
		{2AF50C29-2D41-486C-9DB6-8A8ED789AF0A}.Debug|Any CPU.ActiveCfg = Debug|Any CPU
		{2AF50C29-2D41-486C-9DB6-8A8ED789AF0A}.Debug|Any CPU.Build.0 = Debug|Any CPU
		{2AF50C29-2D41-486C-9DB6-8A8ED789AF0A}.Release|Any CPU.ActiveCfg = Release|Any CPU
		{2AF50C29-2D41-486C-9DB6-8A8ED789AF0A}.Release|Any CPU.Build.0 = Release|Any CPU
		{9EE2FCA7-7A26-4046-A126-D4D57A1C91D8}.Debug|Any CPU.ActiveCfg = Debug|Any CPU
		{9EE2FCA7-7A26-4046-A126-D4D57A1C91D8}.Debug|Any CPU.Build.0 = Debug|Any CPU
		{9EE2FCA7-7A26-4046-A126-D4D57A1C91D8}.Release|Any CPU.ActiveCfg = Release|Any CPU
		{9EE2FCA7-7A26-4046-A126-D4D57A1C91D8}.Release|Any CPU.Build.0 = Release|Any CPU
		{06025D56-F7C7-4B4A-A539-AE19C084665D}.Debug|Any CPU.ActiveCfg = Debug|Any CPU
		{06025D56-F7C7-4B4A-A539-AE19C084665D}.Debug|Any CPU.Build.0 = Debug|Any CPU
		{06025D56-F7C7-4B4A-A539-AE19C084665D}.Release|Any CPU.ActiveCfg = Release|Any CPU
		{06025D56-F7C7-4B4A-A539-AE19C084665D}.Release|Any CPU.Build.0 = Release|Any CPU
		{CCA6CD56-27F7-4ADF-BFE4-3CA4E51D312A}.Debug|Any CPU.ActiveCfg = Debug|Any CPU
		{CCA6CD56-27F7-4ADF-BFE4-3CA4E51D312A}.Debug|Any CPU.Build.0 = Debug|Any CPU
		{CCA6CD56-27F7-4ADF-BFE4-3CA4E51D312A}.Release|Any CPU.ActiveCfg = Release|Any CPU
		{CCA6CD56-27F7-4ADF-BFE4-3CA4E51D312A}.Release|Any CPU.Build.0 = Release|Any CPU
		{4594C105-82E5-41E9-B32F-846BE46D8208}.Debug|Any CPU.ActiveCfg = Debug|Any CPU
		{4594C105-82E5-41E9-B32F-846BE46D8208}.Debug|Any CPU.Build.0 = Debug|Any CPU
		{4594C105-82E5-41E9-B32F-846BE46D8208}.Release|Any CPU.ActiveCfg = Release|Any CPU
		{4594C105-82E5-41E9-B32F-846BE46D8208}.Release|Any CPU.Build.0 = Release|Any CPU
		{5B76012C-F70D-499C-B96C-ECAB69971EA8}.Debug|Any CPU.ActiveCfg = Debug|Any CPU
		{5B76012C-F70D-499C-B96C-ECAB69971EA8}.Debug|Any CPU.Build.0 = Debug|Any CPU
		{5B76012C-F70D-499C-B96C-ECAB69971EA8}.Release|Any CPU.ActiveCfg = Release|Any CPU
		{5B76012C-F70D-499C-B96C-ECAB69971EA8}.Release|Any CPU.Build.0 = Release|Any CPU
		{B2E62977-7E31-46A4-89DA-20C94F5456D0}.Debug|Any CPU.ActiveCfg = Debug|Any CPU
		{B2E62977-7E31-46A4-89DA-20C94F5456D0}.Debug|Any CPU.Build.0 = Debug|Any CPU
		{B2E62977-7E31-46A4-89DA-20C94F5456D0}.Release|Any CPU.ActiveCfg = Release|Any CPU
		{B2E62977-7E31-46A4-89DA-20C94F5456D0}.Release|Any CPU.Build.0 = Release|Any CPU
		{4D6EE243-1BAB-4EA0-B091-18778386526B}.Debug|Any CPU.ActiveCfg = Debug|Any CPU
		{4D6EE243-1BAB-4EA0-B091-18778386526B}.Debug|Any CPU.Build.0 = Debug|Any CPU
		{4D6EE243-1BAB-4EA0-B091-18778386526B}.Release|Any CPU.ActiveCfg = Release|Any CPU
		{4D6EE243-1BAB-4EA0-B091-18778386526B}.Release|Any CPU.Build.0 = Release|Any CPU
		{4D35B058-1190-46F4-B975-C80E696A204B}.Debug|Any CPU.ActiveCfg = Debug|Any CPU
		{4D35B058-1190-46F4-B975-C80E696A204B}.Debug|Any CPU.Build.0 = Debug|Any CPU
		{4D35B058-1190-46F4-B975-C80E696A204B}.Release|Any CPU.ActiveCfg = Release|Any CPU
		{4D35B058-1190-46F4-B975-C80E696A204B}.Release|Any CPU.Build.0 = Release|Any CPU
		{5FA1AE04-F191-4FE4-9A28-90B040A258F9}.Debug|Any CPU.ActiveCfg = Debug|Any CPU
		{5FA1AE04-F191-4FE4-9A28-90B040A258F9}.Debug|Any CPU.Build.0 = Debug|Any CPU
		{5FA1AE04-F191-4FE4-9A28-90B040A258F9}.Release|Any CPU.ActiveCfg = Release|Any CPU
		{5FA1AE04-F191-4FE4-9A28-90B040A258F9}.Release|Any CPU.Build.0 = Release|Any CPU
		{BD3A4C35-1257-45A7-A40A-0001CBDC23C0}.Debug|Any CPU.ActiveCfg = Debug|Any CPU
		{BD3A4C35-1257-45A7-A40A-0001CBDC23C0}.Debug|Any CPU.Build.0 = Debug|Any CPU
		{BD3A4C35-1257-45A7-A40A-0001CBDC23C0}.Release|Any CPU.ActiveCfg = Release|Any CPU
		{BD3A4C35-1257-45A7-A40A-0001CBDC23C0}.Release|Any CPU.Build.0 = Release|Any CPU
		{6EC77C1B-E4FD-4A49-A7EB-8734D325ED69}.Debug|Any CPU.ActiveCfg = Debug|Any CPU
		{6EC77C1B-E4FD-4A49-A7EB-8734D325ED69}.Debug|Any CPU.Build.0 = Debug|Any CPU
		{6EC77C1B-E4FD-4A49-A7EB-8734D325ED69}.Release|Any CPU.ActiveCfg = Release|Any CPU
		{6EC77C1B-E4FD-4A49-A7EB-8734D325ED69}.Release|Any CPU.Build.0 = Release|Any CPU
		{9D2C58F4-50C2-4BAC-A4E0-9F8E01F3F006}.Debug|Any CPU.ActiveCfg = Debug|Any CPU
		{9D2C58F4-50C2-4BAC-A4E0-9F8E01F3F006}.Debug|Any CPU.Build.0 = Debug|Any CPU
		{9D2C58F4-50C2-4BAC-A4E0-9F8E01F3F006}.Release|Any CPU.ActiveCfg = Release|Any CPU
		{9D2C58F4-50C2-4BAC-A4E0-9F8E01F3F006}.Release|Any CPU.Build.0 = Release|Any CPU
		{C5C685E2-B5DE-4BE9-B2A1-00666FD38EBC}.Debug|Any CPU.ActiveCfg = Debug|Any CPU
		{C5C685E2-B5DE-4BE9-B2A1-00666FD38EBC}.Debug|Any CPU.Build.0 = Debug|Any CPU
		{C5C685E2-B5DE-4BE9-B2A1-00666FD38EBC}.Release|Any CPU.ActiveCfg = Release|Any CPU
		{C5C685E2-B5DE-4BE9-B2A1-00666FD38EBC}.Release|Any CPU.Build.0 = Release|Any CPU
		{A9C29476-B581-4829-9E46-9C366CD84663}.Debug|Any CPU.ActiveCfg = Debug|Any CPU
		{A9C29476-B581-4829-9E46-9C366CD84663}.Debug|Any CPU.Build.0 = Debug|Any CPU
		{A9C29476-B581-4829-9E46-9C366CD84663}.Release|Any CPU.ActiveCfg = Release|Any CPU
		{A9C29476-B581-4829-9E46-9C366CD84663}.Release|Any CPU.Build.0 = Release|Any CPU
		{B2B86485-144B-4205-8592-598C71FDD3B3}.Debug|Any CPU.ActiveCfg = Debug|Any CPU
		{B2B86485-144B-4205-8592-598C71FDD3B3}.Debug|Any CPU.Build.0 = Debug|Any CPU
		{B2B86485-144B-4205-8592-598C71FDD3B3}.Release|Any CPU.ActiveCfg = Release|Any CPU
		{B2B86485-144B-4205-8592-598C71FDD3B3}.Release|Any CPU.Build.0 = Release|Any CPU
		{12587A74-FAC4-464A-8207-50CEE0F568D4}.Debug|Any CPU.ActiveCfg = Debug|Any CPU
		{12587A74-FAC4-464A-8207-50CEE0F568D4}.Debug|Any CPU.Build.0 = Debug|Any CPU
		{12587A74-FAC4-464A-8207-50CEE0F568D4}.Release|Any CPU.ActiveCfg = Release|Any CPU
		{12587A74-FAC4-464A-8207-50CEE0F568D4}.Release|Any CPU.Build.0 = Release|Any CPU
		{CF9D34D9-1FCA-4EBD-A080-E5264D0D5CDD}.Debug|Any CPU.ActiveCfg = Debug|Any CPU
		{CF9D34D9-1FCA-4EBD-A080-E5264D0D5CDD}.Debug|Any CPU.Build.0 = Debug|Any CPU
		{CF9D34D9-1FCA-4EBD-A080-E5264D0D5CDD}.Release|Any CPU.ActiveCfg = Release|Any CPU
		{CF9D34D9-1FCA-4EBD-A080-E5264D0D5CDD}.Release|Any CPU.Build.0 = Release|Any CPU
		{F39A8A38-2BAE-4F6B-89AE-E0147B6DE54D}.Debug|Any CPU.ActiveCfg = Debug|Any CPU
		{F39A8A38-2BAE-4F6B-89AE-E0147B6DE54D}.Debug|Any CPU.Build.0 = Debug|Any CPU
		{F39A8A38-2BAE-4F6B-89AE-E0147B6DE54D}.Release|Any CPU.ActiveCfg = Release|Any CPU
		{F39A8A38-2BAE-4F6B-89AE-E0147B6DE54D}.Release|Any CPU.Build.0 = Release|Any CPU
		{6F8404B2-98EF-4167-9C25-265AD259269B}.Debug|Any CPU.ActiveCfg = Debug|Any CPU
		{6F8404B2-98EF-4167-9C25-265AD259269B}.Debug|Any CPU.Build.0 = Debug|Any CPU
		{6F8404B2-98EF-4167-9C25-265AD259269B}.Release|Any CPU.ActiveCfg = Release|Any CPU
		{6F8404B2-98EF-4167-9C25-265AD259269B}.Release|Any CPU.Build.0 = Release|Any CPU
		{453CC8D5-A2AD-4DA6-BD4F-2CBED9F8152C}.Debug|Any CPU.ActiveCfg = Debug|Any CPU
		{453CC8D5-A2AD-4DA6-BD4F-2CBED9F8152C}.Debug|Any CPU.Build.0 = Debug|Any CPU
		{453CC8D5-A2AD-4DA6-BD4F-2CBED9F8152C}.Release|Any CPU.ActiveCfg = Release|Any CPU
		{453CC8D5-A2AD-4DA6-BD4F-2CBED9F8152C}.Release|Any CPU.Build.0 = Release|Any CPU
		{999D629D-AFD2-4D7A-85CA-D6C04E3C4042}.Debug|Any CPU.ActiveCfg = Debug|Any CPU
		{999D629D-AFD2-4D7A-85CA-D6C04E3C4042}.Debug|Any CPU.Build.0 = Debug|Any CPU
		{999D629D-AFD2-4D7A-85CA-D6C04E3C4042}.Release|Any CPU.ActiveCfg = Release|Any CPU
		{999D629D-AFD2-4D7A-85CA-D6C04E3C4042}.Release|Any CPU.Build.0 = Release|Any CPU
		{68DD0D2C-B0A2-4E35-8C79-1F1F191036F1}.Debug|Any CPU.ActiveCfg = Debug|Any CPU
		{68DD0D2C-B0A2-4E35-8C79-1F1F191036F1}.Debug|Any CPU.Build.0 = Debug|Any CPU
		{68DD0D2C-B0A2-4E35-8C79-1F1F191036F1}.Release|Any CPU.ActiveCfg = Release|Any CPU
		{68DD0D2C-B0A2-4E35-8C79-1F1F191036F1}.Release|Any CPU.Build.0 = Release|Any CPU
		{C18FF361-5CA9-4964-93AF-4A882849CFB6}.Debug|Any CPU.ActiveCfg = Debug|Any CPU
		{C18FF361-5CA9-4964-93AF-4A882849CFB6}.Debug|Any CPU.Build.0 = Debug|Any CPU
		{C18FF361-5CA9-4964-93AF-4A882849CFB6}.Release|Any CPU.ActiveCfg = Release|Any CPU
		{C18FF361-5CA9-4964-93AF-4A882849CFB6}.Release|Any CPU.Build.0 = Release|Any CPU
		{7EF17550-4DE1-4488-997F-3EB6026CDAFB}.Debug|Any CPU.ActiveCfg = Debug|Any CPU
		{7EF17550-4DE1-4488-997F-3EB6026CDAFB}.Debug|Any CPU.Build.0 = Debug|Any CPU
		{7EF17550-4DE1-4488-997F-3EB6026CDAFB}.Release|Any CPU.ActiveCfg = Release|Any CPU
		{7EF17550-4DE1-4488-997F-3EB6026CDAFB}.Release|Any CPU.Build.0 = Release|Any CPU
		{4DB90E0E-8B9E-42D4-8DCD-04575C04F77E}.Debug|Any CPU.ActiveCfg = Debug|Any CPU
		{4DB90E0E-8B9E-42D4-8DCD-04575C04F77E}.Debug|Any CPU.Build.0 = Debug|Any CPU
		{4DB90E0E-8B9E-42D4-8DCD-04575C04F77E}.Release|Any CPU.ActiveCfg = Release|Any CPU
		{4DB90E0E-8B9E-42D4-8DCD-04575C04F77E}.Release|Any CPU.Build.0 = Release|Any CPU
		{775A9A52-3E14-4870-95BE-43C25600AE84}.Debug|Any CPU.ActiveCfg = Debug|Any CPU
		{775A9A52-3E14-4870-95BE-43C25600AE84}.Debug|Any CPU.Build.0 = Debug|Any CPU
		{775A9A52-3E14-4870-95BE-43C25600AE84}.Release|Any CPU.ActiveCfg = Release|Any CPU
		{775A9A52-3E14-4870-95BE-43C25600AE84}.Release|Any CPU.Build.0 = Release|Any CPU
		{571FD7C2-F140-4411-8CEE-4F3D0A389CC4}.Debug|Any CPU.ActiveCfg = Debug|Any CPU
		{571FD7C2-F140-4411-8CEE-4F3D0A389CC4}.Debug|Any CPU.Build.0 = Debug|Any CPU
		{571FD7C2-F140-4411-8CEE-4F3D0A389CC4}.Release|Any CPU.ActiveCfg = Release|Any CPU
		{571FD7C2-F140-4411-8CEE-4F3D0A389CC4}.Release|Any CPU.Build.0 = Release|Any CPU
		{4DE33CEE-98DA-40F4-AD0E-85B3FACD3B55}.Debug|Any CPU.ActiveCfg = Debug|Any CPU
		{4DE33CEE-98DA-40F4-AD0E-85B3FACD3B55}.Debug|Any CPU.Build.0 = Debug|Any CPU
		{4DE33CEE-98DA-40F4-AD0E-85B3FACD3B55}.Release|Any CPU.ActiveCfg = Release|Any CPU
		{4DE33CEE-98DA-40F4-AD0E-85B3FACD3B55}.Release|Any CPU.Build.0 = Release|Any CPU
		{0906F313-DF44-4D94-8431-6BA716D65988}.Debug|Any CPU.ActiveCfg = Debug|Any CPU
		{0906F313-DF44-4D94-8431-6BA716D65988}.Debug|Any CPU.Build.0 = Debug|Any CPU
		{0906F313-DF44-4D94-8431-6BA716D65988}.Release|Any CPU.ActiveCfg = Release|Any CPU
		{0906F313-DF44-4D94-8431-6BA716D65988}.Release|Any CPU.Build.0 = Release|Any CPU
	EndGlobalSection
	GlobalSection(SolutionProperties) = preSolution
		HideSolutionNode = FALSE
	EndGlobalSection
	GlobalSection(NestedProjects) = preSolution
		{2D408058-29E7-4592-8FF6-F0838AFBAF0E} = {205E737D-0ACE-4BE4-8F14-4BDC37DC59F0}
		{837E6846-6A61-4FB4-87CB-BFBE8517D90D} = {205E737D-0ACE-4BE4-8F14-4BDC37DC59F0}
		{FD578513-9F99-48F1-9ABF-7D397F7FB389} = {205E737D-0ACE-4BE4-8F14-4BDC37DC59F0}
		{3FE81CE3-710E-479D-958A-9FCC0A490E37} = {205E737D-0ACE-4BE4-8F14-4BDC37DC59F0}
		{06EC94E8-F5E4-4BC2-B943-9EBD038F672C} = {205E737D-0ACE-4BE4-8F14-4BDC37DC59F0}
		{9DE385A0-8F2D-4E53-AE7E-64305B5C756D} = {205E737D-0ACE-4BE4-8F14-4BDC37DC59F0}
		{D76822A0-12C5-42DC-A859-FF54CA45A7CC} = {3FE81CE3-710E-479D-958A-9FCC0A490E37}
		{0BB58B7E-249D-4D54-91CD-963921346D9A} = {3FE81CE3-710E-479D-958A-9FCC0A490E37}
		{95F2A938-F423-4CFB-9D6D-F3D5D7A49C7C} = {3FE81CE3-710E-479D-958A-9FCC0A490E37}
		{3BA80F8C-95E6-432D-AE2C-3CAC84A28709} = {06EC94E8-F5E4-4BC2-B943-9EBD038F672C}
		{07F6B66E-9981-4506-A1C7-1C968A467F30} = {06EC94E8-F5E4-4BC2-B943-9EBD038F672C}
		{4091994D-9C3D-4558-9CDF-88EF5B9867EF} = {06EC94E8-F5E4-4BC2-B943-9EBD038F672C}
		{1B91C052-158F-40BE-ACE7-B9E9BFEFD9B6} = {06EC94E8-F5E4-4BC2-B943-9EBD038F672C}
		{D1125C9C-A041-4743-AA6E-2BEE34FFFE5B} = {06EC94E8-F5E4-4BC2-B943-9EBD038F672C}
		{878C8A6B-C94C-40D7-A22A-90522C00FE78} = {06EC94E8-F5E4-4BC2-B943-9EBD038F672C}
		{78D03B10-7C3C-4E36-A457-A47C4A4AC64E} = {06EC94E8-F5E4-4BC2-B943-9EBD038F672C}
		{AE61C83F-2911-49FD-B10F-0C4068CA7D53} = {06EC94E8-F5E4-4BC2-B943-9EBD038F672C}
		{C00BB2BA-ED67-4E3C-9242-D75C9BFAB271} = {06EC94E8-F5E4-4BC2-B943-9EBD038F672C}
		{EA533647-A3D7-4364-8DC3-E383DF02CD10} = {06EC94E8-F5E4-4BC2-B943-9EBD038F672C}
		{D92F7A04-55BA-477C-95F4-CE860FCC2077} = {06EC94E8-F5E4-4BC2-B943-9EBD038F672C}
		{1EF3E820-05A1-42C9-9D07-F03BDC07305A} = {06EC94E8-F5E4-4BC2-B943-9EBD038F672C}
		{C9F181A0-DD06-4FA0-BA0F-81D9DA50062A} = {06EC94E8-F5E4-4BC2-B943-9EBD038F672C}
		{92E5A1FB-A01C-47DD-B3C8-85B180133421} = {06EC94E8-F5E4-4BC2-B943-9EBD038F672C}
		{24EE399A-E632-4315-80E0-F5E8F893F8A1} = {06EC94E8-F5E4-4BC2-B943-9EBD038F672C}
		{8A086352-460D-4240-AE06-627F08D65290} = {06EC94E8-F5E4-4BC2-B943-9EBD038F672C}
		{1E99300D-69EB-4284-9040-764ABD23C6AD} = {06EC94E8-F5E4-4BC2-B943-9EBD038F672C}
		{807DB535-E92C-4627-8DE2-9942D6C49474} = {06EC94E8-F5E4-4BC2-B943-9EBD038F672C}
		{C98C9ACE-02FA-4798-9D91-66A196CF02F9} = {9DE385A0-8F2D-4E53-AE7E-64305B5C756D}
		{4519F993-50E8-42BB-A735-B92E4B627D6C} = {9DE385A0-8F2D-4E53-AE7E-64305B5C756D}
		{325BDBF8-2E37-49D6-BE32-AD6C52B939A0} = {9DE385A0-8F2D-4E53-AE7E-64305B5C756D}
		{4F73873A-C246-44E8-864D-E77AC6539F0D} = {9DE385A0-8F2D-4E53-AE7E-64305B5C756D}
		{E633037E-20AE-4435-BA15-42D6701B55F0} = {9DE385A0-8F2D-4E53-AE7E-64305B5C756D}
		{C4500E86-A466-4C14-B99C-837619D83716} = {9DE385A0-8F2D-4E53-AE7E-64305B5C756D}
		{19082B74-B742-4C0B-9660-9BF4D20EA6D8} = {9DE385A0-8F2D-4E53-AE7E-64305B5C756D}
		{FD338E07-7B0E-448B-A808-BA42BCF2EBB9} = {9DE385A0-8F2D-4E53-AE7E-64305B5C756D}
		{59003CEE-3AE7-486B-B6AA-AC6E48C12805} = {9DE385A0-8F2D-4E53-AE7E-64305B5C756D}
		{E99F5FA7-C11C-4D90-9525-31CCADD30763} = {9DE385A0-8F2D-4E53-AE7E-64305B5C756D}
		{FDA30BD4-4419-475B-88D4-BB26B1B85D50} = {9DE385A0-8F2D-4E53-AE7E-64305B5C756D}
		{0537E28E-FA3E-451F-ACCD-B94E888A2516} = {9DE385A0-8F2D-4E53-AE7E-64305B5C756D}
		{5F253A9D-DFCB-4679-8E27-2C586B14133F} = {9DE385A0-8F2D-4E53-AE7E-64305B5C756D}
		{2D94AC48-AEA1-4A26-A98F-FEC15C646BC6} = {9DE385A0-8F2D-4E53-AE7E-64305B5C756D}
		{BE1DDBE2-ECF5-491B-BC1A-1BDCAD70D4ED} = {9DE385A0-8F2D-4E53-AE7E-64305B5C756D}
		{DB1FB44A-C2D5-40CA-AFF2-3C445C6F4DB8} = {9DE385A0-8F2D-4E53-AE7E-64305B5C756D}
		{C02A2703-D195-41E7-A19E-6D71058D680C} = {9DE385A0-8F2D-4E53-AE7E-64305B5C756D}
		{E6494C3A-6972-4C43-87E2-0CD9F16197FB} = {9DE385A0-8F2D-4E53-AE7E-64305B5C756D}
		{A7C883B2-F50F-403D-97FE-0AD5EE5A095E} = {9DE385A0-8F2D-4E53-AE7E-64305B5C756D}
		{41A9AA93-6AE8-40E3-B4B7-90BF92C05D7E} = {9DE385A0-8F2D-4E53-AE7E-64305B5C756D}
		{420D976D-51AC-4ED9-AE10-D09701A504C9} = {9DE385A0-8F2D-4E53-AE7E-64305B5C756D}
		{83986447-6162-431E-AEEA-B67DFA97D224} = {9DE385A0-8F2D-4E53-AE7E-64305B5C756D}
		{0F9C784D-8AD6-4315-BCD4-A59AF911038C} = {9DE385A0-8F2D-4E53-AE7E-64305B5C756D}
		{F269DEB0-985B-43D3-9113-2E21A0F4C64B} = {9DE385A0-8F2D-4E53-AE7E-64305B5C756D}
		{AF8C5EB0-BA78-4191-81D6-8D40F28335D5} = {9DE385A0-8F2D-4E53-AE7E-64305B5C756D}
		{50F05500-6A24-4107-B918-E13BB7ED39D6} = {9DE385A0-8F2D-4E53-AE7E-64305B5C756D}
		{EB42AE7D-97D5-411E-87D2-F04079AA52D8} = {9DE385A0-8F2D-4E53-AE7E-64305B5C756D}
		{1BFF2F38-78CB-4C7A-890C-574DDC258AF1} = {9DE385A0-8F2D-4E53-AE7E-64305B5C756D}
		{8E6071B1-7816-4503-AC11-B59F8BE53463} = {9DE385A0-8F2D-4E53-AE7E-64305B5C756D}
		{E388A061-D40B-437E-993E-38D8E2E9C939} = {9DE385A0-8F2D-4E53-AE7E-64305B5C756D}
		{EC9E150F-175F-4EFC-83F8-27438AC04615} = {9DE385A0-8F2D-4E53-AE7E-64305B5C756D}
		{103F317E-7D6F-469C-A5DA-D75E351A2825} = {9DE385A0-8F2D-4E53-AE7E-64305B5C756D}
		{82D716EF-C59A-4F03-85D6-758DE54DB5C8} = {9DE385A0-8F2D-4E53-AE7E-64305B5C756D}
		{BCEA5E0C-8D51-4E97-AFEB-F085E16E1214} = {9DE385A0-8F2D-4E53-AE7E-64305B5C756D}
		{EC20DF26-27CD-46A3-BFE8-2869B08BFFCD} = {9DE385A0-8F2D-4E53-AE7E-64305B5C756D}
		{CE7667D5-717A-4C8D-9E8C-459ED2AB0EC8} = {9DE385A0-8F2D-4E53-AE7E-64305B5C756D}
		{65248696-E6A4-401A-8011-27E353CA8E91} = {9DE385A0-8F2D-4E53-AE7E-64305B5C756D}
		{A0FAD67E-4D22-4B97-A7CC-85789D11D88D} = {9DE385A0-8F2D-4E53-AE7E-64305B5C756D}
		{B66F7525-B032-4B25-B3E8-3BAD232DF762} = {9DE385A0-8F2D-4E53-AE7E-64305B5C756D}
		{417A4E24-31A9-4BE9-B33A-963C6A610326} = {9DE385A0-8F2D-4E53-AE7E-64305B5C756D}
		{42BA759E-FC7C-4E8E-9269-83CC604FEE28} = {9DE385A0-8F2D-4E53-AE7E-64305B5C756D}
		{DFEDD388-C835-4C49-9720-C4A48EF765A1} = {9DE385A0-8F2D-4E53-AE7E-64305B5C756D}
		{C7409C6E-5736-4419-9810-FF4AE622305A} = {9DE385A0-8F2D-4E53-AE7E-64305B5C756D}
		{3F2094FD-EAA1-4F98-86D1-82EC45096CEB} = {9DE385A0-8F2D-4E53-AE7E-64305B5C756D}
		{203FFF3E-9BD5-4924-BFD3-4A14CD639122} = {9DE385A0-8F2D-4E53-AE7E-64305B5C756D}
		{81BF9642-6047-4109-997D-94E2293CBE56} = {9DE385A0-8F2D-4E53-AE7E-64305B5C756D}
		{FBDF06D4-8CEC-47C5-A24B-D6530A59C5F4} = {9DE385A0-8F2D-4E53-AE7E-64305B5C756D}
		{06AF2D3D-032A-4564-B06F-E313F8134CD3} = {9DE385A0-8F2D-4E53-AE7E-64305B5C756D}
		{5E8FD87D-019D-4AE6-BB38-9D96E6BE9011} = {9DE385A0-8F2D-4E53-AE7E-64305B5C756D}
		{EAADB5E8-CA7F-454A-A3B2-13D08234F954} = {9DE385A0-8F2D-4E53-AE7E-64305B5C756D}
		{7B4CCFD2-38DD-4533-BAF4-EDA29CAEA7D5} = {9DE385A0-8F2D-4E53-AE7E-64305B5C756D}
		{AA3B7617-DA34-482D-89C2-7BA3C99FE755} = {9DE385A0-8F2D-4E53-AE7E-64305B5C756D}
		{E1367CBE-7B0A-4495-BD86-49230447024C} = {9DE385A0-8F2D-4E53-AE7E-64305B5C756D}
		{819FDBF0-82B3-451C-B813-700A65075DF5} = {9DE385A0-8F2D-4E53-AE7E-64305B5C756D}
		{02383AC0-75DE-46CB-B821-13299410861D} = {9DE385A0-8F2D-4E53-AE7E-64305B5C756D}
		{C9C6356F-37EF-42B5-9E1B-CF4FCDE4ED77} = {9DE385A0-8F2D-4E53-AE7E-64305B5C756D}
		{345904CB-3617-4AA2-8335-F16FBD300013} = {9DE385A0-8F2D-4E53-AE7E-64305B5C756D}
		{A4CFAD36-89FA-4D99-BBCD-4C08AB36DD47} = {9DE385A0-8F2D-4E53-AE7E-64305B5C756D}
		{4285E4FC-F40D-4687-B515-79D67045F300} = {9DE385A0-8F2D-4E53-AE7E-64305B5C756D}
		{C8C0F8EF-3125-4B3F-AB23-FA07F03A0128} = {9DE385A0-8F2D-4E53-AE7E-64305B5C756D}
		{C0CB6A77-F778-47A7-B6D3-E8562776247F} = {9DE385A0-8F2D-4E53-AE7E-64305B5C756D}
		{BE30A193-6ECF-4DEB-8DC1-07AB0BD73B3D} = {9DE385A0-8F2D-4E53-AE7E-64305B5C756D}
		{64BFA4F5-9FD4-4481-92DE-40186418780A} = {9DE385A0-8F2D-4E53-AE7E-64305B5C756D}
		{9C843A3C-8C2C-460E-9EF9-D968A544B9C9} = {9DE385A0-8F2D-4E53-AE7E-64305B5C756D}
		{BD35F9BC-AC5C-49DC-9E9F-D04A1878DECF} = {9DE385A0-8F2D-4E53-AE7E-64305B5C756D}
		{79819B34-3A3F-4EFE-B587-5FB47A011FA7} = {9DE385A0-8F2D-4E53-AE7E-64305B5C756D}
		{FB836BE6-8B88-48C2-BF8B-1966F1D1F214} = {9DE385A0-8F2D-4E53-AE7E-64305B5C756D}
		{F96227CA-CA71-47D9-88C0-69AD98F47D84} = {9DE385A0-8F2D-4E53-AE7E-64305B5C756D}
		{191BFDDC-D094-4C7C-9822-A1BB6108E6EC} = {9DE385A0-8F2D-4E53-AE7E-64305B5C756D}
		{4C2F41F0-7876-4D68-9C21-4193A5B58BEF} = {9DE385A0-8F2D-4E53-AE7E-64305B5C756D}
		{6F8610DE-3190-4D8F-82FC-3DE7B1CAFA6C} = {9DE385A0-8F2D-4E53-AE7E-64305B5C756D}
		{A8A12132-10BC-4420-8192-493153114F98} = {9DE385A0-8F2D-4E53-AE7E-64305B5C756D}
		{0B1E4DEF-09AF-4A7C-BCF4-4888513F7390} = {9DE385A0-8F2D-4E53-AE7E-64305B5C756D}
		{2052275E-572B-40D5-A664-16E146763CE4} = {9DE385A0-8F2D-4E53-AE7E-64305B5C756D}
		{2C3EB860-9051-40B6-AF39-D33E3917EA4A} = {9DE385A0-8F2D-4E53-AE7E-64305B5C756D}
		{510411E9-9F01-4F53-87A5-85400472AE27} = {9DE385A0-8F2D-4E53-AE7E-64305B5C756D}
		{5C836950-1C1E-48E5-B873-AE4DE20BEB92} = {9DE385A0-8F2D-4E53-AE7E-64305B5C756D}
		{CB00A3C9-11CF-476D-9539-F5F6BFA02B5B} = {9DE385A0-8F2D-4E53-AE7E-64305B5C756D}
		{2AF50C29-2D41-486C-9DB6-8A8ED789AF0A} = {9DE385A0-8F2D-4E53-AE7E-64305B5C756D}
		{9EE2FCA7-7A26-4046-A126-D4D57A1C91D8} = {9DE385A0-8F2D-4E53-AE7E-64305B5C756D}
		{06025D56-F7C7-4B4A-A539-AE19C084665D} = {9DE385A0-8F2D-4E53-AE7E-64305B5C756D}
		{CCA6CD56-27F7-4ADF-BFE4-3CA4E51D312A} = {9DE385A0-8F2D-4E53-AE7E-64305B5C756D}
		{4594C105-82E5-41E9-B32F-846BE46D8208} = {9DE385A0-8F2D-4E53-AE7E-64305B5C756D}
		{5B76012C-F70D-499C-B96C-ECAB69971EA8} = {9DE385A0-8F2D-4E53-AE7E-64305B5C756D}
		{B2E62977-7E31-46A4-89DA-20C94F5456D0} = {9DE385A0-8F2D-4E53-AE7E-64305B5C756D}
		{4D6EE243-1BAB-4EA0-B091-18778386526B} = {9DE385A0-8F2D-4E53-AE7E-64305B5C756D}
		{4D35B058-1190-46F4-B975-C80E696A204B} = {9DE385A0-8F2D-4E53-AE7E-64305B5C756D}
		{5FA1AE04-F191-4FE4-9A28-90B040A258F9} = {9DE385A0-8F2D-4E53-AE7E-64305B5C756D}
		{BD3A4C35-1257-45A7-A40A-0001CBDC23C0} = {9DE385A0-8F2D-4E53-AE7E-64305B5C756D}
		{6EC77C1B-E4FD-4A49-A7EB-8734D325ED69} = {9DE385A0-8F2D-4E53-AE7E-64305B5C756D}
		{9D2C58F4-50C2-4BAC-A4E0-9F8E01F3F006} = {9DE385A0-8F2D-4E53-AE7E-64305B5C756D}
		{C5C685E2-B5DE-4BE9-B2A1-00666FD38EBC} = {9DE385A0-8F2D-4E53-AE7E-64305B5C756D}
		{A9C29476-B581-4829-9E46-9C366CD84663} = {9DE385A0-8F2D-4E53-AE7E-64305B5C756D}
		{B2B86485-144B-4205-8592-598C71FDD3B3} = {9DE385A0-8F2D-4E53-AE7E-64305B5C756D}
		{12587A74-FAC4-464A-8207-50CEE0F568D4} = {9DE385A0-8F2D-4E53-AE7E-64305B5C756D}
		{CF9D34D9-1FCA-4EBD-A080-E5264D0D5CDD} = {9DE385A0-8F2D-4E53-AE7E-64305B5C756D}
		{F39A8A38-2BAE-4F6B-89AE-E0147B6DE54D} = {9DE385A0-8F2D-4E53-AE7E-64305B5C756D}
		{6F8404B2-98EF-4167-9C25-265AD259269B} = {9DE385A0-8F2D-4E53-AE7E-64305B5C756D}
		{453CC8D5-A2AD-4DA6-BD4F-2CBED9F8152C} = {9DE385A0-8F2D-4E53-AE7E-64305B5C756D}
		{999D629D-AFD2-4D7A-85CA-D6C04E3C4042} = {9DE385A0-8F2D-4E53-AE7E-64305B5C756D}
		{68DD0D2C-B0A2-4E35-8C79-1F1F191036F1} = {9DE385A0-8F2D-4E53-AE7E-64305B5C756D}
		{C18FF361-5CA9-4964-93AF-4A882849CFB6} = {9DE385A0-8F2D-4E53-AE7E-64305B5C756D}
		{7EF17550-4DE1-4488-997F-3EB6026CDAFB} = {9DE385A0-8F2D-4E53-AE7E-64305B5C756D}
		{4DB90E0E-8B9E-42D4-8DCD-04575C04F77E} = {9DE385A0-8F2D-4E53-AE7E-64305B5C756D}
		{775A9A52-3E14-4870-95BE-43C25600AE84} = {9DE385A0-8F2D-4E53-AE7E-64305B5C756D}
		{571FD7C2-F140-4411-8CEE-4F3D0A389CC4} = {9DE385A0-8F2D-4E53-AE7E-64305B5C756D}
		{4DE33CEE-98DA-40F4-AD0E-85B3FACD3B55} = {9DE385A0-8F2D-4E53-AE7E-64305B5C756D}
		{0906F313-DF44-4D94-8431-6BA716D65988} = {9DE385A0-8F2D-4E53-AE7E-64305B5C756D}
	EndGlobalSection
	GlobalSection(ExtensibilityGlobals) = postSolution
		SolutionGuid = {9E4CEA9E-AE81-41D3-87F8-873A10B2FD39}
	EndGlobalSection
EndGlobal
